// !$*UTF8*$!
{
	archiveVersion = 1;
	classes = {
	};
	objectVersion = 46;
	objects = {

/* Begin PBXBuildFile section */
		4E3643521B9AC7EB0004D625 /* AFHTTPRequestOperation.m in Sources */ = {isa = PBXBuildFile; fileRef = 4E36432E1B9AC7EB0004D625 /* AFHTTPRequestOperation.m */; };
		4E3643531B9AC7EB0004D625 /* AFHTTPRequestOperationManager.m in Sources */ = {isa = PBXBuildFile; fileRef = 4E3643301B9AC7EB0004D625 /* AFHTTPRequestOperationManager.m */; };
		4E3643541B9AC7EB0004D625 /* AFHTTPSessionManager.m in Sources */ = {isa = PBXBuildFile; fileRef = 4E3643321B9AC7EB0004D625 /* AFHTTPSessionManager.m */; };
		4E3643551B9AC7EB0004D625 /* AFNetworkReachabilityManager.m in Sources */ = {isa = PBXBuildFile; fileRef = 4E3643351B9AC7EB0004D625 /* AFNetworkReachabilityManager.m */; };
		4E3643561B9AC7EB0004D625 /* AFSecurityPolicy.m in Sources */ = {isa = PBXBuildFile; fileRef = 4E3643371B9AC7EB0004D625 /* AFSecurityPolicy.m */; };
		4E3643571B9AC7EB0004D625 /* AFURLConnectionOperation.m in Sources */ = {isa = PBXBuildFile; fileRef = 4E3643391B9AC7EB0004D625 /* AFURLConnectionOperation.m */; };
		4E3643581B9AC7EB0004D625 /* AFURLRequestSerialization.m in Sources */ = {isa = PBXBuildFile; fileRef = 4E36433B1B9AC7EB0004D625 /* AFURLRequestSerialization.m */; };
		4E3643591B9AC7EB0004D625 /* AFURLResponseSerialization.m in Sources */ = {isa = PBXBuildFile; fileRef = 4E36433D1B9AC7EB0004D625 /* AFURLResponseSerialization.m */; };
		4E36435A1B9AC7EB0004D625 /* AFURLSessionManager.m in Sources */ = {isa = PBXBuildFile; fileRef = 4E36433F1B9AC7EB0004D625 /* AFURLSessionManager.m */; };
		4E36435B1B9AC7EB0004D625 /* AFNetworkActivityIndicatorManager.m in Sources */ = {isa = PBXBuildFile; fileRef = 4E3643421B9AC7EB0004D625 /* AFNetworkActivityIndicatorManager.m */; };
		4E36435C1B9AC7EB0004D625 /* UIActivityIndicatorView+AFNetworking.m in Sources */ = {isa = PBXBuildFile; fileRef = 4E3643441B9AC7EB0004D625 /* UIActivityIndicatorView+AFNetworking.m */; };
		4E36435D1B9AC7EB0004D625 /* UIAlertView+AFNetworking.m in Sources */ = {isa = PBXBuildFile; fileRef = 4E3643461B9AC7EB0004D625 /* UIAlertView+AFNetworking.m */; };
		4E36435E1B9AC7EB0004D625 /* UIButton+AFNetworking.m in Sources */ = {isa = PBXBuildFile; fileRef = 4E3643481B9AC7EB0004D625 /* UIButton+AFNetworking.m */; };
		4E36435F1B9AC7EB0004D625 /* UIImageView+AFNetworking.m in Sources */ = {isa = PBXBuildFile; fileRef = 4E36434A1B9AC7EB0004D625 /* UIImageView+AFNetworking.m */; };
		4E3643601B9AC7EB0004D625 /* UIProgressView+AFNetworking.m in Sources */ = {isa = PBXBuildFile; fileRef = 4E36434D1B9AC7EB0004D625 /* UIProgressView+AFNetworking.m */; };
		4E3643611B9AC7EB0004D625 /* UIRefreshControl+AFNetworking.m in Sources */ = {isa = PBXBuildFile; fileRef = 4E36434F1B9AC7EB0004D625 /* UIRefreshControl+AFNetworking.m */; };
		4E3643621B9AC7EB0004D625 /* UIWebView+AFNetworking.m in Sources */ = {isa = PBXBuildFile; fileRef = 4E3643511B9AC7EB0004D625 /* UIWebView+AFNetworking.m */; };
		4E3643671B9AC80D0004D625 /* AFAppDotNetAPIClient.m in Sources */ = {isa = PBXBuildFile; fileRef = 4E3643641B9AC80C0004D625 /* AFAppDotNetAPIClient.m */; };
		4E3643681B9AC80D0004D625 /* DownLoadData.m in Sources */ = {isa = PBXBuildFile; fileRef = 4E3643661B9AC80D0004D625 /* DownLoadData.m */; };
		4E36436C1B9AC9A00004D625 /* RDVTabBar.m in Sources */ = {isa = PBXBuildFile; fileRef = 4E36436B1B9AC9A00004D625 /* RDVTabBar.m */; };
		4E36436F1B9AC9AC0004D625 /* RDVTabBarController.m in Sources */ = {isa = PBXBuildFile; fileRef = 4E36436E1B9AC9AC0004D625 /* RDVTabBarController.m */; };
		4E3643721B9AC9B50004D625 /* RDVTabBarItem.m in Sources */ = {isa = PBXBuildFile; fileRef = 4E3643711B9AC9B50004D625 /* RDVTabBarItem.m */; };
		4E3643781B9ACD5F0004D625 /* MainViewController.m in Sources */ = {isa = PBXBuildFile; fileRef = 4E3643771B9ACD5F0004D625 /* MainViewController.m */; };
		4E36437B1B9ACED00004D625 /* TitleTableViewCell.m in Sources */ = {isa = PBXBuildFile; fileRef = 4E36437A1B9ACED00004D625 /* TitleTableViewCell.m */; };
		4E3643801B9ACFFB0004D625 /* EScrollerView.m in Sources */ = {isa = PBXBuildFile; fileRef = 4E36437F1B9ACFFB0004D625 /* EScrollerView.m */; settings = {COMPILER_FLAGS = "-fno-objc-arc"; }; };
		4E3643891B9AD3E60004D625 /* NewsTableViewCell.m in Sources */ = {isa = PBXBuildFile; fileRef = 4E3643881B9AD3E60004D625 /* NewsTableViewCell.m */; };
		4E3643A51B9ADA8F0004D625 /* Info.plist in Resources */ = {isa = PBXBuildFile; fileRef = 4E36438D1B9ADA8F0004D625 /* Info.plist */; };
		4E3643A61B9ADA8F0004D625 /* MASCompositeConstraint.m in Sources */ = {isa = PBXBuildFile; fileRef = 4E36438F1B9ADA8F0004D625 /* MASCompositeConstraint.m */; };
		4E3643A71B9ADA8F0004D625 /* MASConstraint.m in Sources */ = {isa = PBXBuildFile; fileRef = 4E3643921B9ADA8F0004D625 /* MASConstraint.m */; };
		4E3643A81B9ADA8F0004D625 /* MASConstraintMaker.m in Sources */ = {isa = PBXBuildFile; fileRef = 4E3643941B9ADA8F0004D625 /* MASConstraintMaker.m */; };
		4E3643A91B9ADA8F0004D625 /* MASLayoutConstraint.m in Sources */ = {isa = PBXBuildFile; fileRef = 4E3643961B9ADA8F0004D625 /* MASLayoutConstraint.m */; };
		4E3643AA1B9ADA8F0004D625 /* MASViewAttribute.m in Sources */ = {isa = PBXBuildFile; fileRef = 4E36439A1B9ADA8F0004D625 /* MASViewAttribute.m */; };
		4E3643AB1B9ADA8F0004D625 /* MASViewConstraint.m in Sources */ = {isa = PBXBuildFile; fileRef = 4E36439C1B9ADA8F0004D625 /* MASViewConstraint.m */; };
		4E3643AC1B9ADA8F0004D625 /* NSArray+MASAdditions.m in Sources */ = {isa = PBXBuildFile; fileRef = 4E36439E1B9ADA8F0004D625 /* NSArray+MASAdditions.m */; };
		4E3643AD1B9ADA8F0004D625 /* NSLayoutConstraint+MASDebugAdditions.m in Sources */ = {isa = PBXBuildFile; fileRef = 4E3643A11B9ADA8F0004D625 /* NSLayoutConstraint+MASDebugAdditions.m */; };
		4E3643AE1B9ADA8F0004D625 /* View+MASAdditions.m in Sources */ = {isa = PBXBuildFile; fileRef = 4E3643A31B9ADA8F0004D625 /* View+MASAdditions.m */; };
		4E3643B21B9AEE170004D625 /* GDataXMLNode.m in Sources */ = {isa = PBXBuildFile; fileRef = 4E3643B11B9AEE170004D625 /* GDataXMLNode.m */; settings = {COMPILER_FLAGS = "-fno-objc-arc"; }; };
		4E3643B41B9AEE4A0004D625 /* libxml2.dylib in Frameworks */ = {isa = PBXBuildFile; fileRef = 4E3643B31B9AEE4A0004D625 /* libxml2.dylib */; };
		4E3643D41B9AEEFB0004D625 /* CoreGraphics.framework in Frameworks */ = {isa = PBXBuildFile; fileRef = 4E3643D31B9AEEFB0004D625 /* CoreGraphics.framework */; };
		4E3643D71B9AF9A00004D625 /* NewsMode.m in Sources */ = {isa = PBXBuildFile; fileRef = 4E3643D61B9AF9A00004D625 /* NewsMode.m */; };
		4E3643DD1B9B09DE0004D625 /* NextViewController.m in Sources */ = {isa = PBXBuildFile; fileRef = 4E3643DC1B9B09DE0004D625 /* NextViewController.m */; };
		4E3643E01B9B1C580004D625 /* TitileMode.m in Sources */ = {isa = PBXBuildFile; fileRef = 4E3643DF1B9B1C580004D625 /* TitileMode.m */; };
		4E3643E31B9BEF080004D625 /* SwitchView.m in Sources */ = {isa = PBXBuildFile; fileRef = 4E3643E21B9BEF080004D625 /* SwitchView.m */; };
		4E3643E61B9C02020004D625 /* CharacterViewController.m in Sources */ = {isa = PBXBuildFile; fileRef = 4E3643E51B9C02020004D625 /* CharacterViewController.m */; };
		4E3643E91B9C021C0004D625 /* PictureViewController.m in Sources */ = {isa = PBXBuildFile; fileRef = 4E3643E81B9C021C0004D625 /* PictureViewController.m */; };
		4E3643EC1B9C22300004D625 /* CharacterMode.m in Sources */ = {isa = PBXBuildFile; fileRef = 4E3643EB1B9C22300004D625 /* CharacterMode.m */; };
		4E3643EF1B9C225E0004D625 /* PictureMode.m in Sources */ = {isa = PBXBuildFile; fileRef = 4E3643EE1B9C225E0004D625 /* PictureMode.m */; };
		4E3644091B9C34F30004D625 /* MJRefresh.bundle in Resources */ = {isa = PBXBuildFile; fileRef = 4E3643F11B9C34F30004D625 /* MJRefresh.bundle */; };
		4E36440A1B9C34F30004D625 /* MJRefreshComponent.m in Sources */ = {isa = PBXBuildFile; fileRef = 4E3643F41B9C34F30004D625 /* MJRefreshComponent.m */; };
		4E36440B1B9C34F30004D625 /* MJRefreshConst.m in Sources */ = {isa = PBXBuildFile; fileRef = 4E3643F61B9C34F30004D625 /* MJRefreshConst.m */; };
		4E36440C1B9C34F30004D625 /* MJRefreshFooter.m in Sources */ = {isa = PBXBuildFile; fileRef = 4E3643F81B9C34F30004D625 /* MJRefreshFooter.m */; };
		4E36440D1B9C34F30004D625 /* MJRefreshGifFooter.m in Sources */ = {isa = PBXBuildFile; fileRef = 4E3643FA1B9C34F30004D625 /* MJRefreshGifFooter.m */; };
		4E36440E1B9C34F30004D625 /* MJRefreshGifHeader.m in Sources */ = {isa = PBXBuildFile; fileRef = 4E3643FC1B9C34F30004D625 /* MJRefreshGifHeader.m */; };
		4E36440F1B9C34F30004D625 /* MJRefreshHeader.m in Sources */ = {isa = PBXBuildFile; fileRef = 4E3643FE1B9C34F30004D625 /* MJRefreshHeader.m */; };
		4E3644101B9C34F30004D625 /* MJRefreshLegendFooter.m in Sources */ = {isa = PBXBuildFile; fileRef = 4E3644001B9C34F30004D625 /* MJRefreshLegendFooter.m */; };
		4E3644111B9C34F30004D625 /* MJRefreshLegendHeader.m in Sources */ = {isa = PBXBuildFile; fileRef = 4E3644021B9C34F30004D625 /* MJRefreshLegendHeader.m */; };
		4E3644121B9C34F30004D625 /* UIScrollView+MJExtension.m in Sources */ = {isa = PBXBuildFile; fileRef = 4E3644041B9C34F30004D625 /* UIScrollView+MJExtension.m */; };
		4E3644131B9C34F30004D625 /* UIScrollView+MJRefresh.m in Sources */ = {isa = PBXBuildFile; fileRef = 4E3644061B9C34F30004D625 /* UIScrollView+MJRefresh.m */; };
		4E3644141B9C34F30004D625 /* UIView+MJExtension.m in Sources */ = {isa = PBXBuildFile; fileRef = 4E3644081B9C34F30004D625 /* UIView+MJExtension.m */; };
		4E3644171B9C3CE80004D625 /* MBProgressHUD.m in Sources */ = {isa = PBXBuildFile; fileRef = 4E3644161B9C3CE80004D625 /* MBProgressHUD.m */; };
		4E3644521B9C65460004D625 /* CharacterViewCell.m in Sources */ = {isa = PBXBuildFile; fileRef = 4E3644511B9C65460004D625 /* CharacterViewCell.m */; };
		4E36445C1B9C66D50004D625 /* dianzan01@2x.png in Resources */ = {isa = PBXBuildFile; fileRef = 4E3644541B9C66D50004D625 /* dianzan01@2x.png */; };
		4E36445D1B9C66D50004D625 /* dianzan02@2x.png in Resources */ = {isa = PBXBuildFile; fileRef = 4E3644551B9C66D50004D625 /* dianzan02@2x.png */; };
		4E36445E1B9C66D50004D625 /* pinglun01@2x.png in Resources */ = {isa = PBXBuildFile; fileRef = 4E3644561B9C66D50004D625 /* pinglun01@2x.png */; };
		4E36445F1B9C66D50004D625 /* pinglun02@2x.png in Resources */ = {isa = PBXBuildFile; fileRef = 4E3644571B9C66D50004D625 /* pinglun02@2x.png */; };
		4E3644601B9C66D50004D625 /* shoucang01@2x.png in Resources */ = {isa = PBXBuildFile; fileRef = 4E3644581B9C66D50004D625 /* shoucang01@2x.png */; };
		4E3644611B9C66D50004D625 /* shoucang@2x.png in Resources */ = {isa = PBXBuildFile; fileRef = 4E3644591B9C66D50004D625 /* shoucang@2x.png */; };
		4E3644621B9C66D50004D625 /* zhuanfa01@2x.png in Resources */ = {isa = PBXBuildFile; fileRef = 4E36445A1B9C66D50004D625 /* zhuanfa01@2x.png */; };
		4E3644631B9C66D50004D625 /* zhuanfa02@2x.png in Resources */ = {isa = PBXBuildFile; fileRef = 4E36445B1B9C66D50004D625 /* zhuanfa02@2x.png */; };
		4E6002161B9D390C00692A41 /* PictureViewCell.m in Sources */ = {isa = PBXBuildFile; fileRef = 4E6002151B9D390C00692A41 /* PictureViewCell.m */; };
		4E646F3E1BA1C9A3006E7E0F /* MKAnnotationView+WebCache.m in Sources */ = {isa = PBXBuildFile; fileRef = 4E646F1E1BA1C9A3006E7E0F /* MKAnnotationView+WebCache.m */; };
		4E646F3F1BA1C9A3006E7E0F /* NSData+ImageContentType.m in Sources */ = {isa = PBXBuildFile; fileRef = 4E646F201BA1C9A3006E7E0F /* NSData+ImageContentType.m */; };
		4E646F401BA1C9A3006E7E0F /* SDImageCache.m in Sources */ = {isa = PBXBuildFile; fileRef = 4E646F221BA1C9A3006E7E0F /* SDImageCache.m */; };
		4E646F411BA1C9A3006E7E0F /* SDWebImageCompat.m in Sources */ = {isa = PBXBuildFile; fileRef = 4E646F241BA1C9A3006E7E0F /* SDWebImageCompat.m */; };
		4E646F421BA1C9A3006E7E0F /* SDWebImageDecoder.m in Sources */ = {isa = PBXBuildFile; fileRef = 4E646F261BA1C9A3006E7E0F /* SDWebImageDecoder.m */; };
		4E646F431BA1C9A3006E7E0F /* SDWebImageDownloader.m in Sources */ = {isa = PBXBuildFile; fileRef = 4E646F281BA1C9A3006E7E0F /* SDWebImageDownloader.m */; };
		4E646F441BA1C9A3006E7E0F /* SDWebImageDownloaderOperation.m in Sources */ = {isa = PBXBuildFile; fileRef = 4E646F2A1BA1C9A3006E7E0F /* SDWebImageDownloaderOperation.m */; };
		4E646F451BA1C9A3006E7E0F /* SDWebImageManager.m in Sources */ = {isa = PBXBuildFile; fileRef = 4E646F2C1BA1C9A3006E7E0F /* SDWebImageManager.m */; };
		4E646F461BA1C9A3006E7E0F /* SDWebImagePrefetcher.m in Sources */ = {isa = PBXBuildFile; fileRef = 4E646F2F1BA1C9A3006E7E0F /* SDWebImagePrefetcher.m */; };
		4E646F471BA1C9A3006E7E0F /* UIButton+WebCache.m in Sources */ = {isa = PBXBuildFile; fileRef = 4E646F311BA1C9A3006E7E0F /* UIButton+WebCache.m */; };
		4E646F481BA1C9A3006E7E0F /* UIImage+GIF.m in Sources */ = {isa = PBXBuildFile; fileRef = 4E646F331BA1C9A3006E7E0F /* UIImage+GIF.m */; };
		4E646F491BA1C9A3006E7E0F /* UIImage+MultiFormat.m in Sources */ = {isa = PBXBuildFile; fileRef = 4E646F351BA1C9A3006E7E0F /* UIImage+MultiFormat.m */; };
		4E646F4A1BA1C9A3006E7E0F /* UIImage+WebP.m in Sources */ = {isa = PBXBuildFile; fileRef = 4E646F371BA1C9A3006E7E0F /* UIImage+WebP.m */; };
		4E646F4B1BA1C9A3006E7E0F /* UIImageView+HighlightedWebCache.m in Sources */ = {isa = PBXBuildFile; fileRef = 4E646F391BA1C9A3006E7E0F /* UIImageView+HighlightedWebCache.m */; };
		4E646F4C1BA1C9A3006E7E0F /* UIImageView+WebCache.m in Sources */ = {isa = PBXBuildFile; fileRef = 4E646F3B1BA1C9A3006E7E0F /* UIImageView+WebCache.m */; };
		4E646F4D1BA1C9A3006E7E0F /* UIView+WebCacheOperation.m in Sources */ = {isa = PBXBuildFile; fileRef = 4E646F3D1BA1C9A3006E7E0F /* UIView+WebCacheOperation.m */; };
		4EA4D1C61B9AB4C4002D6312 /* main.m in Sources */ = {isa = PBXBuildFile; fileRef = 4EA4D1C51B9AB4C4002D6312 /* main.m */; };
		4EA4D1C91B9AB4C4002D6312 /* AppDelegate.m in Sources */ = {isa = PBXBuildFile; fileRef = 4EA4D1C81B9AB4C4002D6312 /* AppDelegate.m */; };
		4EA4D1CB1B9AB4C4002D6312 /* Images.xcassets in Resources */ = {isa = PBXBuildFile; fileRef = 4EA4D1CA1B9AB4C4002D6312 /* Images.xcassets */; };
		4EA4D1CE1B9AB4C4002D6312 /* LaunchScreen.xib in Resources */ = {isa = PBXBuildFile; fileRef = 4EA4D1CC1B9AB4C4002D6312 /* LaunchScreen.xib */; };
		4EA4D1DA1B9AB4C4002D6312 /* ___Tests.m in Sources */ = {isa = PBXBuildFile; fileRef = 4EA4D1D91B9AB4C4002D6312 /* ___Tests.m */; };
		4ED300761BA2FBB3000A963C /* tugua_nor.png in Resources */ = {isa = PBXBuildFile; fileRef = 4ED300701BA2FBB3000A963C /* tugua_nor.png */; };
		4ED300771BA2FBB3000A963C /* tugua_select.png in Resources */ = {isa = PBXBuildFile; fileRef = 4ED300711BA2FBB3000A963C /* tugua_select.png */; };
		4ED300781BA2FBB3000A963C /* user_select.png in Resources */ = {isa = PBXBuildFile; fileRef = 4ED300721BA2FBB3000A963C /* user_select.png */; };
		4ED300791BA2FBB3000A963C /* user_nor.png in Resources */ = {isa = PBXBuildFile; fileRef = 4ED300731BA2FBB3000A963C /* user_nor.png */; };
		4ED3007A1BA2FBB3000A963C /* xinwen_nor.png in Resources */ = {isa = PBXBuildFile; fileRef = 4ED300741BA2FBB3000A963C /* xinwen_nor.png */; };
		4ED3007B1BA2FBB3000A963C /* xinwen_select.png in Resources */ = {isa = PBXBuildFile; fileRef = 4ED300751BA2FBB3000A963C /* xinwen_select.png */; };
		4ED3007F1BA307C5000A963C /* CharNextViewController.m in Sources */ = {isa = PBXBuildFile; fileRef = 4ED3007D1BA307C5000A963C /* CharNextViewController.m */; };
		4ED300801BA307C5000A963C /* CharNextViewController.xib in Resources */ = {isa = PBXBuildFile; fileRef = 4ED3007E1BA307C5000A963C /* CharNextViewController.xib */; };
		4ED300841BA308AF000A963C /* PicharNextViewController.m in Sources */ = {isa = PBXBuildFile; fileRef = 4ED300821BA308AF000A963C /* PicharNextViewController.m */; };
		4ED300851BA308AF000A963C /* PicharNextViewController.xib in Resources */ = {isa = PBXBuildFile; fileRef = 4ED300831BA308AF000A963C /* PicharNextViewController.xib */; };
		4EDA22991BA19CC000DE05CA /* bjtp.png in Resources */ = {isa = PBXBuildFile; fileRef = 4EDA22981BA19CC000DE05CA /* bjtp.png */; };
		4EDD0FAA1BA3D1DA005F9DE9 /* CharaNextMode.m in Sources */ = {isa = PBXBuildFile; fileRef = 4EDD0FA91BA3D1DA005F9DE9 /* CharaNextMode.m */; };
		4EDD0FAE1BA400AC005F9DE9 /* PharAndCharTableViewCell.m in Sources */ = {isa = PBXBuildFile; fileRef = 4EDD0FAC1BA400AC005F9DE9 /* PharAndCharTableViewCell.m */; };
		4EDD0FB21BA41F32005F9DE9 /* PicNextMode.m in Sources */ = {isa = PBXBuildFile; fileRef = 4EDD0FB11BA41F32005F9DE9 /* PicNextMode.m */; };
		4EDE57081BA6684200C3FF92 /* 前导页.png in Resources */ = {isa = PBXBuildFile; fileRef = 4EDE57071BA6684200C3FF92 /* 前导页.png */; };
		4EDE570A1BA66EF300C3FF92 /* 前导.gif in Resources */ = {isa = PBXBuildFile; fileRef = 4EDE57091BA66EF300C3FF92 /* 前导.gif */; };
		4EDE570E1BA6701400C3FF92 /* qiandaoye.m in Sources */ = {isa = PBXBuildFile; fileRef = 4EDE570C1BA6701400C3FF92 /* qiandaoye.m */; };
		4EDE570F1BA6701400C3FF92 /* qiandaoye.xib in Resources */ = {isa = PBXBuildFile; fileRef = 4EDE570D1BA6701400C3FF92 /* qiandaoye.xib */; };
		4EDE57111BA6842500C3FF92 /* ditu.png in Resources */ = {isa = PBXBuildFile; fileRef = 4EDE57101BA6842500C3FF92 /* ditu.png */; };
		4EF72B531B9ABC0800DCF688 /* MainUITabBarController.m in Sources */ = {isa = PBXBuildFile; fileRef = 4EF72B521B9ABC0800DCF688 /* MainUITabBarController.m */; };
		4EF72B561B9ABC3200DCF688 /* MainUINavigationController.m in Sources */ = {isa = PBXBuildFile; fileRef = 4EF72B551B9ABC3200DCF688 /* MainUINavigationController.m */; };
		4EF72B591B9ABC6700DCF688 /* JokeViewController.m in Sources */ = {isa = PBXBuildFile; fileRef = 4EF72B581B9ABC6700DCF688 /* JokeViewController.m */; };
		4EF72B5C1B9ABC7500DCF688 /* MeViewController.m in Sources */ = {isa = PBXBuildFile; fileRef = 4EF72B5B1B9ABC7500DCF688 /* MeViewController.m */; };
		4EF72B5F1B9ABC9100DCF688 /* NewsViewController.m in Sources */ = {isa = PBXBuildFile; fileRef = 4EF72B5E1B9ABC9100DCF688 /* NewsViewController.m */; };
		4EF950241BA05AD100183F91 /* FLAnimatedImage.m in Sources */ = {isa = PBXBuildFile; fileRef = 4EF950201BA05AD100183F91 /* FLAnimatedImage.m */; };
		4EF950251BA05AD100183F91 /* FLAnimatedImageView.m in Sources */ = {isa = PBXBuildFile; fileRef = 4EF950221BA05AD100183F91 /* FLAnimatedImageView.m */; };
		4EF950261BA05AD100183F91 /* Info.plist in Resources */ = {isa = PBXBuildFile; fileRef = 4EF950231BA05AD100183F91 /* Info.plist */; };
		4EF950281BA06F7A00183F91 /* ico_cnleft_download.png in Resources */ = {isa = PBXBuildFile; fileRef = 4EF950271BA06F7A00183F91 /* ico_cnleft_download.png */; };
		4EF9502A1BA06FAC00183F91 /* ico_cnleft_list.png in Resources */ = {isa = PBXBuildFile; fileRef = 4EF950291BA06FAC00183F91 /* ico_cnleft_list.png */; };
		4EF9502C1BA06FC700183F91 /* ico_cnleft_setting.png in Resources */ = {isa = PBXBuildFile; fileRef = 4EF9502B1BA06FC700183F91 /* ico_cnleft_setting.png */; };
/* End PBXBuildFile section */

/* Begin PBXContainerItemProxy section */
		4EA4D1D41B9AB4C4002D6312 /* PBXContainerItemProxy */ = {
			isa = PBXContainerItemProxy;
			containerPortal = 4EA4D1B81B9AB4C4002D6312 /* Project object */;
			proxyType = 1;
			remoteGlobalIDString = 4EA4D1BF1B9AB4C4002D6312;
			remoteInfo = "观天下";
		};
/* End PBXContainerItemProxy section */

/* Begin PBXFileReference section */
		4E36432D1B9AC7EB0004D625 /* AFHTTPRequestOperation.h */ = {isa = PBXFileReference; fileEncoding = 4; lastKnownFileType = sourcecode.c.h; path = AFHTTPRequestOperation.h; sourceTree = "<group>"; };
		4E36432E1B9AC7EB0004D625 /* AFHTTPRequestOperation.m */ = {isa = PBXFileReference; fileEncoding = 4; lastKnownFileType = sourcecode.c.objc; path = AFHTTPRequestOperation.m; sourceTree = "<group>"; };
		4E36432F1B9AC7EB0004D625 /* AFHTTPRequestOperationManager.h */ = {isa = PBXFileReference; fileEncoding = 4; lastKnownFileType = sourcecode.c.h; path = AFHTTPRequestOperationManager.h; sourceTree = "<group>"; };
		4E3643301B9AC7EB0004D625 /* AFHTTPRequestOperationManager.m */ = {isa = PBXFileReference; fileEncoding = 4; lastKnownFileType = sourcecode.c.objc; path = AFHTTPRequestOperationManager.m; sourceTree = "<group>"; };
		4E3643311B9AC7EB0004D625 /* AFHTTPSessionManager.h */ = {isa = PBXFileReference; fileEncoding = 4; lastKnownFileType = sourcecode.c.h; path = AFHTTPSessionManager.h; sourceTree = "<group>"; };
		4E3643321B9AC7EB0004D625 /* AFHTTPSessionManager.m */ = {isa = PBXFileReference; fileEncoding = 4; lastKnownFileType = sourcecode.c.objc; path = AFHTTPSessionManager.m; sourceTree = "<group>"; };
		4E3643331B9AC7EB0004D625 /* AFNetworking.h */ = {isa = PBXFileReference; fileEncoding = 4; lastKnownFileType = sourcecode.c.h; path = AFNetworking.h; sourceTree = "<group>"; };
		4E3643341B9AC7EB0004D625 /* AFNetworkReachabilityManager.h */ = {isa = PBXFileReference; fileEncoding = 4; lastKnownFileType = sourcecode.c.h; path = AFNetworkReachabilityManager.h; sourceTree = "<group>"; };
		4E3643351B9AC7EB0004D625 /* AFNetworkReachabilityManager.m */ = {isa = PBXFileReference; fileEncoding = 4; lastKnownFileType = sourcecode.c.objc; path = AFNetworkReachabilityManager.m; sourceTree = "<group>"; };
		4E3643361B9AC7EB0004D625 /* AFSecurityPolicy.h */ = {isa = PBXFileReference; fileEncoding = 4; lastKnownFileType = sourcecode.c.h; path = AFSecurityPolicy.h; sourceTree = "<group>"; };
		4E3643371B9AC7EB0004D625 /* AFSecurityPolicy.m */ = {isa = PBXFileReference; fileEncoding = 4; lastKnownFileType = sourcecode.c.objc; path = AFSecurityPolicy.m; sourceTree = "<group>"; };
		4E3643381B9AC7EB0004D625 /* AFURLConnectionOperation.h */ = {isa = PBXFileReference; fileEncoding = 4; lastKnownFileType = sourcecode.c.h; path = AFURLConnectionOperation.h; sourceTree = "<group>"; };
		4E3643391B9AC7EB0004D625 /* AFURLConnectionOperation.m */ = {isa = PBXFileReference; fileEncoding = 4; lastKnownFileType = sourcecode.c.objc; path = AFURLConnectionOperation.m; sourceTree = "<group>"; };
		4E36433A1B9AC7EB0004D625 /* AFURLRequestSerialization.h */ = {isa = PBXFileReference; fileEncoding = 4; lastKnownFileType = sourcecode.c.h; path = AFURLRequestSerialization.h; sourceTree = "<group>"; };
		4E36433B1B9AC7EB0004D625 /* AFURLRequestSerialization.m */ = {isa = PBXFileReference; fileEncoding = 4; lastKnownFileType = sourcecode.c.objc; path = AFURLRequestSerialization.m; sourceTree = "<group>"; };
		4E36433C1B9AC7EB0004D625 /* AFURLResponseSerialization.h */ = {isa = PBXFileReference; fileEncoding = 4; lastKnownFileType = sourcecode.c.h; path = AFURLResponseSerialization.h; sourceTree = "<group>"; };
		4E36433D1B9AC7EB0004D625 /* AFURLResponseSerialization.m */ = {isa = PBXFileReference; fileEncoding = 4; lastKnownFileType = sourcecode.c.objc; path = AFURLResponseSerialization.m; sourceTree = "<group>"; };
		4E36433E1B9AC7EB0004D625 /* AFURLSessionManager.h */ = {isa = PBXFileReference; fileEncoding = 4; lastKnownFileType = sourcecode.c.h; path = AFURLSessionManager.h; sourceTree = "<group>"; };
		4E36433F1B9AC7EB0004D625 /* AFURLSessionManager.m */ = {isa = PBXFileReference; fileEncoding = 4; lastKnownFileType = sourcecode.c.objc; path = AFURLSessionManager.m; sourceTree = "<group>"; };
		4E3643411B9AC7EB0004D625 /* AFNetworkActivityIndicatorManager.h */ = {isa = PBXFileReference; fileEncoding = 4; lastKnownFileType = sourcecode.c.h; path = AFNetworkActivityIndicatorManager.h; sourceTree = "<group>"; };
		4E3643421B9AC7EB0004D625 /* AFNetworkActivityIndicatorManager.m */ = {isa = PBXFileReference; fileEncoding = 4; lastKnownFileType = sourcecode.c.objc; path = AFNetworkActivityIndicatorManager.m; sourceTree = "<group>"; };
		4E3643431B9AC7EB0004D625 /* UIActivityIndicatorView+AFNetworking.h */ = {isa = PBXFileReference; fileEncoding = 4; lastKnownFileType = sourcecode.c.h; path = "UIActivityIndicatorView+AFNetworking.h"; sourceTree = "<group>"; };
		4E3643441B9AC7EB0004D625 /* UIActivityIndicatorView+AFNetworking.m */ = {isa = PBXFileReference; fileEncoding = 4; lastKnownFileType = sourcecode.c.objc; path = "UIActivityIndicatorView+AFNetworking.m"; sourceTree = "<group>"; };
		4E3643451B9AC7EB0004D625 /* UIAlertView+AFNetworking.h */ = {isa = PBXFileReference; fileEncoding = 4; lastKnownFileType = sourcecode.c.h; path = "UIAlertView+AFNetworking.h"; sourceTree = "<group>"; };
		4E3643461B9AC7EB0004D625 /* UIAlertView+AFNetworking.m */ = {isa = PBXFileReference; fileEncoding = 4; lastKnownFileType = sourcecode.c.objc; path = "UIAlertView+AFNetworking.m"; sourceTree = "<group>"; };
		4E3643471B9AC7EB0004D625 /* UIButton+AFNetworking.h */ = {isa = PBXFileReference; fileEncoding = 4; lastKnownFileType = sourcecode.c.h; path = "UIButton+AFNetworking.h"; sourceTree = "<group>"; };
		4E3643481B9AC7EB0004D625 /* UIButton+AFNetworking.m */ = {isa = PBXFileReference; fileEncoding = 4; lastKnownFileType = sourcecode.c.objc; path = "UIButton+AFNetworking.m"; sourceTree = "<group>"; };
		4E3643491B9AC7EB0004D625 /* UIImageView+AFNetworking.h */ = {isa = PBXFileReference; fileEncoding = 4; lastKnownFileType = sourcecode.c.h; path = "UIImageView+AFNetworking.h"; sourceTree = "<group>"; };
		4E36434A1B9AC7EB0004D625 /* UIImageView+AFNetworking.m */ = {isa = PBXFileReference; fileEncoding = 4; lastKnownFileType = sourcecode.c.objc; path = "UIImageView+AFNetworking.m"; sourceTree = "<group>"; };
		4E36434B1B9AC7EB0004D625 /* UIKit+AFNetworking.h */ = {isa = PBXFileReference; fileEncoding = 4; lastKnownFileType = sourcecode.c.h; path = "UIKit+AFNetworking.h"; sourceTree = "<group>"; };
		4E36434C1B9AC7EB0004D625 /* UIProgressView+AFNetworking.h */ = {isa = PBXFileReference; fileEncoding = 4; lastKnownFileType = sourcecode.c.h; path = "UIProgressView+AFNetworking.h"; sourceTree = "<group>"; };
		4E36434D1B9AC7EB0004D625 /* UIProgressView+AFNetworking.m */ = {isa = PBXFileReference; fileEncoding = 4; lastKnownFileType = sourcecode.c.objc; path = "UIProgressView+AFNetworking.m"; sourceTree = "<group>"; };
		4E36434E1B9AC7EB0004D625 /* UIRefreshControl+AFNetworking.h */ = {isa = PBXFileReference; fileEncoding = 4; lastKnownFileType = sourcecode.c.h; path = "UIRefreshControl+AFNetworking.h"; sourceTree = "<group>"; };
		4E36434F1B9AC7EB0004D625 /* UIRefreshControl+AFNetworking.m */ = {isa = PBXFileReference; fileEncoding = 4; lastKnownFileType = sourcecode.c.objc; path = "UIRefreshControl+AFNetworking.m"; sourceTree = "<group>"; };
		4E3643501B9AC7EB0004D625 /* UIWebView+AFNetworking.h */ = {isa = PBXFileReference; fileEncoding = 4; lastKnownFileType = sourcecode.c.h; path = "UIWebView+AFNetworking.h"; sourceTree = "<group>"; };
		4E3643511B9AC7EB0004D625 /* UIWebView+AFNetworking.m */ = {isa = PBXFileReference; fileEncoding = 4; lastKnownFileType = sourcecode.c.objc; path = "UIWebView+AFNetworking.m"; sourceTree = "<group>"; };
		4E3643631B9AC80C0004D625 /* AFAppDotNetAPIClient.h */ = {isa = PBXFileReference; fileEncoding = 4; lastKnownFileType = sourcecode.c.h; path = AFAppDotNetAPIClient.h; sourceTree = "<group>"; };
		4E3643641B9AC80C0004D625 /* AFAppDotNetAPIClient.m */ = {isa = PBXFileReference; fileEncoding = 4; lastKnownFileType = sourcecode.c.objc; path = AFAppDotNetAPIClient.m; sourceTree = "<group>"; };
		4E3643651B9AC80D0004D625 /* DownLoadData.h */ = {isa = PBXFileReference; fileEncoding = 4; lastKnownFileType = sourcecode.c.h; path = DownLoadData.h; sourceTree = "<group>"; };
		4E3643661B9AC80D0004D625 /* DownLoadData.m */ = {isa = PBXFileReference; fileEncoding = 4; lastKnownFileType = sourcecode.c.objc; path = DownLoadData.m; sourceTree = "<group>"; };
		4E36436A1B9AC9A00004D625 /* RDVTabBar.h */ = {isa = PBXFileReference; fileEncoding = 4; lastKnownFileType = sourcecode.c.h; path = RDVTabBar.h; sourceTree = "<group>"; };
		4E36436B1B9AC9A00004D625 /* RDVTabBar.m */ = {isa = PBXFileReference; fileEncoding = 4; lastKnownFileType = sourcecode.c.objc; path = RDVTabBar.m; sourceTree = "<group>"; };
		4E36436D1B9AC9AC0004D625 /* RDVTabBarController.h */ = {isa = PBXFileReference; fileEncoding = 4; lastKnownFileType = sourcecode.c.h; path = RDVTabBarController.h; sourceTree = "<group>"; };
		4E36436E1B9AC9AC0004D625 /* RDVTabBarController.m */ = {isa = PBXFileReference; fileEncoding = 4; lastKnownFileType = sourcecode.c.objc; path = RDVTabBarController.m; sourceTree = "<group>"; };
		4E3643701B9AC9B50004D625 /* RDVTabBarItem.h */ = {isa = PBXFileReference; fileEncoding = 4; lastKnownFileType = sourcecode.c.h; path = RDVTabBarItem.h; sourceTree = "<group>"; };
		4E3643711B9AC9B50004D625 /* RDVTabBarItem.m */ = {isa = PBXFileReference; fileEncoding = 4; lastKnownFileType = sourcecode.c.objc; path = RDVTabBarItem.m; sourceTree = "<group>"; };
		4E3643761B9ACD5F0004D625 /* MainViewController.h */ = {isa = PBXFileReference; fileEncoding = 4; lastKnownFileType = sourcecode.c.h; path = MainViewController.h; sourceTree = "<group>"; };
		4E3643771B9ACD5F0004D625 /* MainViewController.m */ = {isa = PBXFileReference; fileEncoding = 4; lastKnownFileType = sourcecode.c.objc; path = MainViewController.m; sourceTree = "<group>"; };
		4E3643791B9ACED00004D625 /* TitleTableViewCell.h */ = {isa = PBXFileReference; fileEncoding = 4; lastKnownFileType = sourcecode.c.h; path = TitleTableViewCell.h; sourceTree = "<group>"; };
		4E36437A1B9ACED00004D625 /* TitleTableViewCell.m */ = {isa = PBXFileReference; fileEncoding = 4; lastKnownFileType = sourcecode.c.objc; path = TitleTableViewCell.m; sourceTree = "<group>"; };
		4E36437E1B9ACFFB0004D625 /* EScrollerView.h */ = {isa = PBXFileReference; fileEncoding = 4; lastKnownFileType = sourcecode.c.h; path = EScrollerView.h; sourceTree = "<group>"; };
		4E36437F1B9ACFFB0004D625 /* EScrollerView.m */ = {isa = PBXFileReference; fileEncoding = 4; lastKnownFileType = sourcecode.c.objc; path = EScrollerView.m; sourceTree = "<group>"; };
		4E3643871B9AD3E60004D625 /* NewsTableViewCell.h */ = {isa = PBXFileReference; fileEncoding = 4; lastKnownFileType = sourcecode.c.h; path = NewsTableViewCell.h; sourceTree = "<group>"; };
		4E3643881B9AD3E60004D625 /* NewsTableViewCell.m */ = {isa = PBXFileReference; fileEncoding = 4; lastKnownFileType = sourcecode.c.objc; path = NewsTableViewCell.m; sourceTree = "<group>"; };
		4E36438D1B9ADA8F0004D625 /* Info.plist */ = {isa = PBXFileReference; fileEncoding = 4; lastKnownFileType = text.plist.xml; path = Info.plist; sourceTree = "<group>"; };
		4E36438E1B9ADA8F0004D625 /* MASCompositeConstraint.h */ = {isa = PBXFileReference; fileEncoding = 4; lastKnownFileType = sourcecode.c.h; path = MASCompositeConstraint.h; sourceTree = "<group>"; };
		4E36438F1B9ADA8F0004D625 /* MASCompositeConstraint.m */ = {isa = PBXFileReference; fileEncoding = 4; lastKnownFileType = sourcecode.c.objc; path = MASCompositeConstraint.m; sourceTree = "<group>"; };
		4E3643901B9ADA8F0004D625 /* MASConstraint+Private.h */ = {isa = PBXFileReference; fileEncoding = 4; lastKnownFileType = sourcecode.c.h; path = "MASConstraint+Private.h"; sourceTree = "<group>"; };
		4E3643911B9ADA8F0004D625 /* MASConstraint.h */ = {isa = PBXFileReference; fileEncoding = 4; lastKnownFileType = sourcecode.c.h; path = MASConstraint.h; sourceTree = "<group>"; };
		4E3643921B9ADA8F0004D625 /* MASConstraint.m */ = {isa = PBXFileReference; fileEncoding = 4; lastKnownFileType = sourcecode.c.objc; path = MASConstraint.m; sourceTree = "<group>"; };
		4E3643931B9ADA8F0004D625 /* MASConstraintMaker.h */ = {isa = PBXFileReference; fileEncoding = 4; lastKnownFileType = sourcecode.c.h; path = MASConstraintMaker.h; sourceTree = "<group>"; };
		4E3643941B9ADA8F0004D625 /* MASConstraintMaker.m */ = {isa = PBXFileReference; fileEncoding = 4; lastKnownFileType = sourcecode.c.objc; path = MASConstraintMaker.m; sourceTree = "<group>"; };
		4E3643951B9ADA8F0004D625 /* MASLayoutConstraint.h */ = {isa = PBXFileReference; fileEncoding = 4; lastKnownFileType = sourcecode.c.h; path = MASLayoutConstraint.h; sourceTree = "<group>"; };
		4E3643961B9ADA8F0004D625 /* MASLayoutConstraint.m */ = {isa = PBXFileReference; fileEncoding = 4; lastKnownFileType = sourcecode.c.objc; path = MASLayoutConstraint.m; sourceTree = "<group>"; };
		4E3643971B9ADA8F0004D625 /* Masonry.h */ = {isa = PBXFileReference; fileEncoding = 4; lastKnownFileType = sourcecode.c.h; path = Masonry.h; sourceTree = "<group>"; };
		4E3643981B9ADA8F0004D625 /* MASUtilities.h */ = {isa = PBXFileReference; fileEncoding = 4; lastKnownFileType = sourcecode.c.h; path = MASUtilities.h; sourceTree = "<group>"; };
		4E3643991B9ADA8F0004D625 /* MASViewAttribute.h */ = {isa = PBXFileReference; fileEncoding = 4; lastKnownFileType = sourcecode.c.h; path = MASViewAttribute.h; sourceTree = "<group>"; };
		4E36439A1B9ADA8F0004D625 /* MASViewAttribute.m */ = {isa = PBXFileReference; fileEncoding = 4; lastKnownFileType = sourcecode.c.objc; path = MASViewAttribute.m; sourceTree = "<group>"; };
		4E36439B1B9ADA8F0004D625 /* MASViewConstraint.h */ = {isa = PBXFileReference; fileEncoding = 4; lastKnownFileType = sourcecode.c.h; path = MASViewConstraint.h; sourceTree = "<group>"; };
		4E36439C1B9ADA8F0004D625 /* MASViewConstraint.m */ = {isa = PBXFileReference; fileEncoding = 4; lastKnownFileType = sourcecode.c.objc; path = MASViewConstraint.m; sourceTree = "<group>"; };
		4E36439D1B9ADA8F0004D625 /* NSArray+MASAdditions.h */ = {isa = PBXFileReference; fileEncoding = 4; lastKnownFileType = sourcecode.c.h; path = "NSArray+MASAdditions.h"; sourceTree = "<group>"; };
		4E36439E1B9ADA8F0004D625 /* NSArray+MASAdditions.m */ = {isa = PBXFileReference; fileEncoding = 4; lastKnownFileType = sourcecode.c.objc; path = "NSArray+MASAdditions.m"; sourceTree = "<group>"; };
		4E36439F1B9ADA8F0004D625 /* NSArray+MASShorthandAdditions.h */ = {isa = PBXFileReference; fileEncoding = 4; lastKnownFileType = sourcecode.c.h; path = "NSArray+MASShorthandAdditions.h"; sourceTree = "<group>"; };
		4E3643A01B9ADA8F0004D625 /* NSLayoutConstraint+MASDebugAdditions.h */ = {isa = PBXFileReference; fileEncoding = 4; lastKnownFileType = sourcecode.c.h; path = "NSLayoutConstraint+MASDebugAdditions.h"; sourceTree = "<group>"; };
		4E3643A11B9ADA8F0004D625 /* NSLayoutConstraint+MASDebugAdditions.m */ = {isa = PBXFileReference; fileEncoding = 4; lastKnownFileType = sourcecode.c.objc; path = "NSLayoutConstraint+MASDebugAdditions.m"; sourceTree = "<group>"; };
		4E3643A21B9ADA8F0004D625 /* View+MASAdditions.h */ = {isa = PBXFileReference; fileEncoding = 4; lastKnownFileType = sourcecode.c.h; path = "View+MASAdditions.h"; sourceTree = "<group>"; };
		4E3643A31B9ADA8F0004D625 /* View+MASAdditions.m */ = {isa = PBXFileReference; fileEncoding = 4; lastKnownFileType = sourcecode.c.objc; path = "View+MASAdditions.m"; sourceTree = "<group>"; };
		4E3643A41B9ADA8F0004D625 /* View+MASShorthandAdditions.h */ = {isa = PBXFileReference; fileEncoding = 4; lastKnownFileType = sourcecode.c.h; path = "View+MASShorthandAdditions.h"; sourceTree = "<group>"; };
		4E3643B01B9AEE170004D625 /* GDataXMLNode.h */ = {isa = PBXFileReference; fileEncoding = 4; lastKnownFileType = sourcecode.c.h; path = GDataXMLNode.h; sourceTree = "<group>"; };
		4E3643B11B9AEE170004D625 /* GDataXMLNode.m */ = {isa = PBXFileReference; fileEncoding = 4; lastKnownFileType = sourcecode.c.objc; path = GDataXMLNode.m; sourceTree = "<group>"; };
		4E3643B31B9AEE4A0004D625 /* libxml2.dylib */ = {isa = PBXFileReference; lastKnownFileType = "compiled.mach-o.dylib"; name = libxml2.dylib; path = usr/lib/libxml2.dylib; sourceTree = SDKROOT; };
		4E3643D31B9AEEFB0004D625 /* CoreGraphics.framework */ = {isa = PBXFileReference; lastKnownFileType = wrapper.framework; name = CoreGraphics.framework; path = System/Library/Frameworks/CoreGraphics.framework; sourceTree = SDKROOT; };
		4E3643D51B9AF9A00004D625 /* NewsMode.h */ = {isa = PBXFileReference; fileEncoding = 4; lastKnownFileType = sourcecode.c.h; path = NewsMode.h; sourceTree = "<group>"; };
		4E3643D61B9AF9A00004D625 /* NewsMode.m */ = {isa = PBXFileReference; fileEncoding = 4; lastKnownFileType = sourcecode.c.objc; path = NewsMode.m; sourceTree = "<group>"; };
		4E3643DB1B9B09DE0004D625 /* NextViewController.h */ = {isa = PBXFileReference; fileEncoding = 4; lastKnownFileType = sourcecode.c.h; path = NextViewController.h; sourceTree = "<group>"; };
		4E3643DC1B9B09DE0004D625 /* NextViewController.m */ = {isa = PBXFileReference; fileEncoding = 4; lastKnownFileType = sourcecode.c.objc; path = NextViewController.m; sourceTree = "<group>"; };
		4E3643DE1B9B1C580004D625 /* TitileMode.h */ = {isa = PBXFileReference; fileEncoding = 4; lastKnownFileType = sourcecode.c.h; path = TitileMode.h; sourceTree = "<group>"; };
		4E3643DF1B9B1C580004D625 /* TitileMode.m */ = {isa = PBXFileReference; fileEncoding = 4; lastKnownFileType = sourcecode.c.objc; path = TitileMode.m; sourceTree = "<group>"; };
		4E3643E11B9BEF080004D625 /* SwitchView.h */ = {isa = PBXFileReference; fileEncoding = 4; lastKnownFileType = sourcecode.c.h; path = SwitchView.h; sourceTree = "<group>"; };
		4E3643E21B9BEF080004D625 /* SwitchView.m */ = {isa = PBXFileReference; fileEncoding = 4; lastKnownFileType = sourcecode.c.objc; path = SwitchView.m; sourceTree = "<group>"; };
		4E3643E41B9C02020004D625 /* CharacterViewController.h */ = {isa = PBXFileReference; fileEncoding = 4; lastKnownFileType = sourcecode.c.h; path = CharacterViewController.h; sourceTree = "<group>"; };
		4E3643E51B9C02020004D625 /* CharacterViewController.m */ = {isa = PBXFileReference; fileEncoding = 4; lastKnownFileType = sourcecode.c.objc; path = CharacterViewController.m; sourceTree = "<group>"; };
		4E3643E71B9C021C0004D625 /* PictureViewController.h */ = {isa = PBXFileReference; fileEncoding = 4; lastKnownFileType = sourcecode.c.h; path = PictureViewController.h; sourceTree = "<group>"; };
		4E3643E81B9C021C0004D625 /* PictureViewController.m */ = {isa = PBXFileReference; fileEncoding = 4; lastKnownFileType = sourcecode.c.objc; path = PictureViewController.m; sourceTree = "<group>"; };
		4E3643EA1B9C22300004D625 /* CharacterMode.h */ = {isa = PBXFileReference; fileEncoding = 4; lastKnownFileType = sourcecode.c.h; path = CharacterMode.h; sourceTree = "<group>"; };
		4E3643EB1B9C22300004D625 /* CharacterMode.m */ = {isa = PBXFileReference; fileEncoding = 4; lastKnownFileType = sourcecode.c.objc; path = CharacterMode.m; sourceTree = "<group>"; };
		4E3643ED1B9C225E0004D625 /* PictureMode.h */ = {isa = PBXFileReference; fileEncoding = 4; lastKnownFileType = sourcecode.c.h; path = PictureMode.h; sourceTree = "<group>"; };
		4E3643EE1B9C225E0004D625 /* PictureMode.m */ = {isa = PBXFileReference; fileEncoding = 4; lastKnownFileType = sourcecode.c.objc; path = PictureMode.m; sourceTree = "<group>"; };
		4E3643F11B9C34F30004D625 /* MJRefresh.bundle */ = {isa = PBXFileReference; lastKnownFileType = "wrapper.plug-in"; path = MJRefresh.bundle; sourceTree = "<group>"; };
		4E3643F21B9C34F30004D625 /* MJRefresh.h */ = {isa = PBXFileReference; fileEncoding = 4; lastKnownFileType = sourcecode.c.h; path = MJRefresh.h; sourceTree = "<group>"; };
		4E3643F31B9C34F30004D625 /* MJRefreshComponent.h */ = {isa = PBXFileReference; fileEncoding = 4; lastKnownFileType = sourcecode.c.h; path = MJRefreshComponent.h; sourceTree = "<group>"; };
		4E3643F41B9C34F30004D625 /* MJRefreshComponent.m */ = {isa = PBXFileReference; fileEncoding = 4; lastKnownFileType = sourcecode.c.objc; path = MJRefreshComponent.m; sourceTree = "<group>"; };
		4E3643F51B9C34F30004D625 /* MJRefreshConst.h */ = {isa = PBXFileReference; fileEncoding = 4; lastKnownFileType = sourcecode.c.h; path = MJRefreshConst.h; sourceTree = "<group>"; };
		4E3643F61B9C34F30004D625 /* MJRefreshConst.m */ = {isa = PBXFileReference; fileEncoding = 4; lastKnownFileType = sourcecode.c.objc; path = MJRefreshConst.m; sourceTree = "<group>"; };
		4E3643F71B9C34F30004D625 /* MJRefreshFooter.h */ = {isa = PBXFileReference; fileEncoding = 4; lastKnownFileType = sourcecode.c.h; path = MJRefreshFooter.h; sourceTree = "<group>"; };
		4E3643F81B9C34F30004D625 /* MJRefreshFooter.m */ = {isa = PBXFileReference; fileEncoding = 4; lastKnownFileType = sourcecode.c.objc; path = MJRefreshFooter.m; sourceTree = "<group>"; };
		4E3643F91B9C34F30004D625 /* MJRefreshGifFooter.h */ = {isa = PBXFileReference; fileEncoding = 4; lastKnownFileType = sourcecode.c.h; path = MJRefreshGifFooter.h; sourceTree = "<group>"; };
		4E3643FA1B9C34F30004D625 /* MJRefreshGifFooter.m */ = {isa = PBXFileReference; fileEncoding = 4; lastKnownFileType = sourcecode.c.objc; path = MJRefreshGifFooter.m; sourceTree = "<group>"; };
		4E3643FB1B9C34F30004D625 /* MJRefreshGifHeader.h */ = {isa = PBXFileReference; fileEncoding = 4; lastKnownFileType = sourcecode.c.h; path = MJRefreshGifHeader.h; sourceTree = "<group>"; };
		4E3643FC1B9C34F30004D625 /* MJRefreshGifHeader.m */ = {isa = PBXFileReference; fileEncoding = 4; lastKnownFileType = sourcecode.c.objc; path = MJRefreshGifHeader.m; sourceTree = "<group>"; };
		4E3643FD1B9C34F30004D625 /* MJRefreshHeader.h */ = {isa = PBXFileReference; fileEncoding = 4; lastKnownFileType = sourcecode.c.h; path = MJRefreshHeader.h; sourceTree = "<group>"; };
		4E3643FE1B9C34F30004D625 /* MJRefreshHeader.m */ = {isa = PBXFileReference; fileEncoding = 4; lastKnownFileType = sourcecode.c.objc; path = MJRefreshHeader.m; sourceTree = "<group>"; };
		4E3643FF1B9C34F30004D625 /* MJRefreshLegendFooter.h */ = {isa = PBXFileReference; fileEncoding = 4; lastKnownFileType = sourcecode.c.h; path = MJRefreshLegendFooter.h; sourceTree = "<group>"; };
		4E3644001B9C34F30004D625 /* MJRefreshLegendFooter.m */ = {isa = PBXFileReference; fileEncoding = 4; lastKnownFileType = sourcecode.c.objc; path = MJRefreshLegendFooter.m; sourceTree = "<group>"; };
		4E3644011B9C34F30004D625 /* MJRefreshLegendHeader.h */ = {isa = PBXFileReference; fileEncoding = 4; lastKnownFileType = sourcecode.c.h; path = MJRefreshLegendHeader.h; sourceTree = "<group>"; };
		4E3644021B9C34F30004D625 /* MJRefreshLegendHeader.m */ = {isa = PBXFileReference; fileEncoding = 4; lastKnownFileType = sourcecode.c.objc; path = MJRefreshLegendHeader.m; sourceTree = "<group>"; };
		4E3644031B9C34F30004D625 /* UIScrollView+MJExtension.h */ = {isa = PBXFileReference; fileEncoding = 4; lastKnownFileType = sourcecode.c.h; path = "UIScrollView+MJExtension.h"; sourceTree = "<group>"; };
		4E3644041B9C34F30004D625 /* UIScrollView+MJExtension.m */ = {isa = PBXFileReference; fileEncoding = 4; lastKnownFileType = sourcecode.c.objc; path = "UIScrollView+MJExtension.m"; sourceTree = "<group>"; };
		4E3644051B9C34F30004D625 /* UIScrollView+MJRefresh.h */ = {isa = PBXFileReference; fileEncoding = 4; lastKnownFileType = sourcecode.c.h; path = "UIScrollView+MJRefresh.h"; sourceTree = "<group>"; };
		4E3644061B9C34F30004D625 /* UIScrollView+MJRefresh.m */ = {isa = PBXFileReference; fileEncoding = 4; lastKnownFileType = sourcecode.c.objc; path = "UIScrollView+MJRefresh.m"; sourceTree = "<group>"; };
		4E3644071B9C34F30004D625 /* UIView+MJExtension.h */ = {isa = PBXFileReference; fileEncoding = 4; lastKnownFileType = sourcecode.c.h; path = "UIView+MJExtension.h"; sourceTree = "<group>"; };
		4E3644081B9C34F30004D625 /* UIView+MJExtension.m */ = {isa = PBXFileReference; fileEncoding = 4; lastKnownFileType = sourcecode.c.objc; path = "UIView+MJExtension.m"; sourceTree = "<group>"; };
		4E3644151B9C3CE80004D625 /* MBProgressHUD.h */ = {isa = PBXFileReference; fileEncoding = 4; lastKnownFileType = sourcecode.c.h; path = MBProgressHUD.h; sourceTree = "<group>"; };
		4E3644161B9C3CE80004D625 /* MBProgressHUD.m */ = {isa = PBXFileReference; fileEncoding = 4; lastKnownFileType = sourcecode.c.objc; path = MBProgressHUD.m; sourceTree = "<group>"; };
		4E3644501B9C65460004D625 /* CharacterViewCell.h */ = {isa = PBXFileReference; fileEncoding = 4; lastKnownFileType = sourcecode.c.h; path = CharacterViewCell.h; sourceTree = "<group>"; };
		4E3644511B9C65460004D625 /* CharacterViewCell.m */ = {isa = PBXFileReference; fileEncoding = 4; lastKnownFileType = sourcecode.c.objc; path = CharacterViewCell.m; sourceTree = "<group>"; };
		4E3644541B9C66D50004D625 /* dianzan01@2x.png */ = {isa = PBXFileReference; lastKnownFileType = image.png; path = "dianzan01@2x.png"; sourceTree = "<group>"; };
		4E3644551B9C66D50004D625 /* dianzan02@2x.png */ = {isa = PBXFileReference; lastKnownFileType = image.png; path = "dianzan02@2x.png"; sourceTree = "<group>"; };
		4E3644561B9C66D50004D625 /* pinglun01@2x.png */ = {isa = PBXFileReference; lastKnownFileType = image.png; path = "pinglun01@2x.png"; sourceTree = "<group>"; };
		4E3644571B9C66D50004D625 /* pinglun02@2x.png */ = {isa = PBXFileReference; lastKnownFileType = image.png; path = "pinglun02@2x.png"; sourceTree = "<group>"; };
		4E3644581B9C66D50004D625 /* shoucang01@2x.png */ = {isa = PBXFileReference; lastKnownFileType = image.png; path = "shoucang01@2x.png"; sourceTree = "<group>"; };
		4E3644591B9C66D50004D625 /* shoucang@2x.png */ = {isa = PBXFileReference; lastKnownFileType = image.png; path = "shoucang@2x.png"; sourceTree = "<group>"; };
		4E36445A1B9C66D50004D625 /* zhuanfa01@2x.png */ = {isa = PBXFileReference; lastKnownFileType = image.png; path = "zhuanfa01@2x.png"; sourceTree = "<group>"; };
		4E36445B1B9C66D50004D625 /* zhuanfa02@2x.png */ = {isa = PBXFileReference; lastKnownFileType = image.png; path = "zhuanfa02@2x.png"; sourceTree = "<group>"; };
		4E6002141B9D390C00692A41 /* PictureViewCell.h */ = {isa = PBXFileReference; fileEncoding = 4; lastKnownFileType = sourcecode.c.h; path = PictureViewCell.h; sourceTree = "<group>"; };
		4E6002151B9D390C00692A41 /* PictureViewCell.m */ = {isa = PBXFileReference; fileEncoding = 4; lastKnownFileType = sourcecode.c.objc; path = PictureViewCell.m; sourceTree = "<group>"; };
		4E646F1D1BA1C9A3006E7E0F /* MKAnnotationView+WebCache.h */ = {isa = PBXFileReference; fileEncoding = 4; lastKnownFileType = sourcecode.c.h; path = "MKAnnotationView+WebCache.h"; sourceTree = "<group>"; };
		4E646F1E1BA1C9A3006E7E0F /* MKAnnotationView+WebCache.m */ = {isa = PBXFileReference; fileEncoding = 4; lastKnownFileType = sourcecode.c.objc; path = "MKAnnotationView+WebCache.m"; sourceTree = "<group>"; };
		4E646F1F1BA1C9A3006E7E0F /* NSData+ImageContentType.h */ = {isa = PBXFileReference; fileEncoding = 4; lastKnownFileType = sourcecode.c.h; path = "NSData+ImageContentType.h"; sourceTree = "<group>"; };
		4E646F201BA1C9A3006E7E0F /* NSData+ImageContentType.m */ = {isa = PBXFileReference; fileEncoding = 4; lastKnownFileType = sourcecode.c.objc; path = "NSData+ImageContentType.m"; sourceTree = "<group>"; };
		4E646F211BA1C9A3006E7E0F /* SDImageCache.h */ = {isa = PBXFileReference; fileEncoding = 4; lastKnownFileType = sourcecode.c.h; path = SDImageCache.h; sourceTree = "<group>"; };
		4E646F221BA1C9A3006E7E0F /* SDImageCache.m */ = {isa = PBXFileReference; fileEncoding = 4; lastKnownFileType = sourcecode.c.objc; path = SDImageCache.m; sourceTree = "<group>"; };
		4E646F231BA1C9A3006E7E0F /* SDWebImageCompat.h */ = {isa = PBXFileReference; fileEncoding = 4; lastKnownFileType = sourcecode.c.h; path = SDWebImageCompat.h; sourceTree = "<group>"; };
		4E646F241BA1C9A3006E7E0F /* SDWebImageCompat.m */ = {isa = PBXFileReference; fileEncoding = 4; lastKnownFileType = sourcecode.c.objc; path = SDWebImageCompat.m; sourceTree = "<group>"; };
		4E646F251BA1C9A3006E7E0F /* SDWebImageDecoder.h */ = {isa = PBXFileReference; fileEncoding = 4; lastKnownFileType = sourcecode.c.h; path = SDWebImageDecoder.h; sourceTree = "<group>"; };
		4E646F261BA1C9A3006E7E0F /* SDWebImageDecoder.m */ = {isa = PBXFileReference; fileEncoding = 4; lastKnownFileType = sourcecode.c.objc; path = SDWebImageDecoder.m; sourceTree = "<group>"; };
		4E646F271BA1C9A3006E7E0F /* SDWebImageDownloader.h */ = {isa = PBXFileReference; fileEncoding = 4; lastKnownFileType = sourcecode.c.h; path = SDWebImageDownloader.h; sourceTree = "<group>"; };
		4E646F281BA1C9A3006E7E0F /* SDWebImageDownloader.m */ = {isa = PBXFileReference; fileEncoding = 4; lastKnownFileType = sourcecode.c.objc; path = SDWebImageDownloader.m; sourceTree = "<group>"; };
		4E646F291BA1C9A3006E7E0F /* SDWebImageDownloaderOperation.h */ = {isa = PBXFileReference; fileEncoding = 4; lastKnownFileType = sourcecode.c.h; path = SDWebImageDownloaderOperation.h; sourceTree = "<group>"; };
		4E646F2A1BA1C9A3006E7E0F /* SDWebImageDownloaderOperation.m */ = {isa = PBXFileReference; fileEncoding = 4; lastKnownFileType = sourcecode.c.objc; path = SDWebImageDownloaderOperation.m; sourceTree = "<group>"; };
		4E646F2B1BA1C9A3006E7E0F /* SDWebImageManager.h */ = {isa = PBXFileReference; fileEncoding = 4; lastKnownFileType = sourcecode.c.h; path = SDWebImageManager.h; sourceTree = "<group>"; };
		4E646F2C1BA1C9A3006E7E0F /* SDWebImageManager.m */ = {isa = PBXFileReference; fileEncoding = 4; lastKnownFileType = sourcecode.c.objc; path = SDWebImageManager.m; sourceTree = "<group>"; };
		4E646F2D1BA1C9A3006E7E0F /* SDWebImageOperation.h */ = {isa = PBXFileReference; fileEncoding = 4; lastKnownFileType = sourcecode.c.h; path = SDWebImageOperation.h; sourceTree = "<group>"; };
		4E646F2E1BA1C9A3006E7E0F /* SDWebImagePrefetcher.h */ = {isa = PBXFileReference; fileEncoding = 4; lastKnownFileType = sourcecode.c.h; path = SDWebImagePrefetcher.h; sourceTree = "<group>"; };
		4E646F2F1BA1C9A3006E7E0F /* SDWebImagePrefetcher.m */ = {isa = PBXFileReference; fileEncoding = 4; lastKnownFileType = sourcecode.c.objc; path = SDWebImagePrefetcher.m; sourceTree = "<group>"; };
		4E646F301BA1C9A3006E7E0F /* UIButton+WebCache.h */ = {isa = PBXFileReference; fileEncoding = 4; lastKnownFileType = sourcecode.c.h; path = "UIButton+WebCache.h"; sourceTree = "<group>"; };
		4E646F311BA1C9A3006E7E0F /* UIButton+WebCache.m */ = {isa = PBXFileReference; fileEncoding = 4; lastKnownFileType = sourcecode.c.objc; path = "UIButton+WebCache.m"; sourceTree = "<group>"; };
		4E646F321BA1C9A3006E7E0F /* UIImage+GIF.h */ = {isa = PBXFileReference; fileEncoding = 4; lastKnownFileType = sourcecode.c.h; path = "UIImage+GIF.h"; sourceTree = "<group>"; };
		4E646F331BA1C9A3006E7E0F /* UIImage+GIF.m */ = {isa = PBXFileReference; fileEncoding = 4; lastKnownFileType = sourcecode.c.objc; path = "UIImage+GIF.m"; sourceTree = "<group>"; };
		4E646F341BA1C9A3006E7E0F /* UIImage+MultiFormat.h */ = {isa = PBXFileReference; fileEncoding = 4; lastKnownFileType = sourcecode.c.h; path = "UIImage+MultiFormat.h"; sourceTree = "<group>"; };
		4E646F351BA1C9A3006E7E0F /* UIImage+MultiFormat.m */ = {isa = PBXFileReference; fileEncoding = 4; lastKnownFileType = sourcecode.c.objc; path = "UIImage+MultiFormat.m"; sourceTree = "<group>"; };
		4E646F361BA1C9A3006E7E0F /* UIImage+WebP.h */ = {isa = PBXFileReference; fileEncoding = 4; lastKnownFileType = sourcecode.c.h; path = "UIImage+WebP.h"; sourceTree = "<group>"; };
		4E646F371BA1C9A3006E7E0F /* UIImage+WebP.m */ = {isa = PBXFileReference; fileEncoding = 4; lastKnownFileType = sourcecode.c.objc; path = "UIImage+WebP.m"; sourceTree = "<group>"; };
		4E646F381BA1C9A3006E7E0F /* UIImageView+HighlightedWebCache.h */ = {isa = PBXFileReference; fileEncoding = 4; lastKnownFileType = sourcecode.c.h; path = "UIImageView+HighlightedWebCache.h"; sourceTree = "<group>"; };
		4E646F391BA1C9A3006E7E0F /* UIImageView+HighlightedWebCache.m */ = {isa = PBXFileReference; fileEncoding = 4; lastKnownFileType = sourcecode.c.objc; path = "UIImageView+HighlightedWebCache.m"; sourceTree = "<group>"; };
		4E646F3A1BA1C9A3006E7E0F /* UIImageView+WebCache.h */ = {isa = PBXFileReference; fileEncoding = 4; lastKnownFileType = sourcecode.c.h; path = "UIImageView+WebCache.h"; sourceTree = "<group>"; };
		4E646F3B1BA1C9A3006E7E0F /* UIImageView+WebCache.m */ = {isa = PBXFileReference; fileEncoding = 4; lastKnownFileType = sourcecode.c.objc; path = "UIImageView+WebCache.m"; sourceTree = "<group>"; };
		4E646F3C1BA1C9A3006E7E0F /* UIView+WebCacheOperation.h */ = {isa = PBXFileReference; fileEncoding = 4; lastKnownFileType = sourcecode.c.h; path = "UIView+WebCacheOperation.h"; sourceTree = "<group>"; };
		4E646F3D1BA1C9A3006E7E0F /* UIView+WebCacheOperation.m */ = {isa = PBXFileReference; fileEncoding = 4; lastKnownFileType = sourcecode.c.objc; path = "UIView+WebCacheOperation.m"; sourceTree = "<group>"; };
		4EA4D1C01B9AB4C4002D6312 /* 观天下.app */ = {isa = PBXFileReference; explicitFileType = wrapper.application; includeInIndex = 0; path = "观天下.app"; sourceTree = BUILT_PRODUCTS_DIR; };
		4EA4D1C41B9AB4C4002D6312 /* Info.plist */ = {isa = PBXFileReference; lastKnownFileType = text.plist.xml; path = Info.plist; sourceTree = "<group>"; };
		4EA4D1C51B9AB4C4002D6312 /* main.m */ = {isa = PBXFileReference; lastKnownFileType = sourcecode.c.objc; path = main.m; sourceTree = "<group>"; };
		4EA4D1C71B9AB4C4002D6312 /* AppDelegate.h */ = {isa = PBXFileReference; lastKnownFileType = sourcecode.c.h; path = AppDelegate.h; sourceTree = "<group>"; };
		4EA4D1C81B9AB4C4002D6312 /* AppDelegate.m */ = {isa = PBXFileReference; lastKnownFileType = sourcecode.c.objc; path = AppDelegate.m; sourceTree = "<group>"; };
		4EA4D1CA1B9AB4C4002D6312 /* Images.xcassets */ = {isa = PBXFileReference; lastKnownFileType = folder.assetcatalog; path = Images.xcassets; sourceTree = "<group>"; };
		4EA4D1CD1B9AB4C4002D6312 /* Base */ = {isa = PBXFileReference; lastKnownFileType = file.xib; name = Base; path = Base.lproj/LaunchScreen.xib; sourceTree = "<group>"; };
		4EA4D1D31B9AB4C4002D6312 /* 观天下Tests.xctest */ = {isa = PBXFileReference; explicitFileType = wrapper.cfbundle; includeInIndex = 0; path = "观天下Tests.xctest"; sourceTree = BUILT_PRODUCTS_DIR; };
		4EA4D1D81B9AB4C4002D6312 /* Info.plist */ = {isa = PBXFileReference; lastKnownFileType = text.plist.xml; path = Info.plist; sourceTree = "<group>"; };
		4EA4D1D91B9AB4C4002D6312 /* ___Tests.m */ = {isa = PBXFileReference; lastKnownFileType = sourcecode.c.objc; path = "___Tests.m"; sourceTree = "<group>"; };
		4ED300701BA2FBB3000A963C /* tugua_nor.png */ = {isa = PBXFileReference; lastKnownFileType = image.png; path = tugua_nor.png; sourceTree = "<group>"; };
		4ED300711BA2FBB3000A963C /* tugua_select.png */ = {isa = PBXFileReference; lastKnownFileType = image.png; path = tugua_select.png; sourceTree = "<group>"; };
		4ED300721BA2FBB3000A963C /* user_select.png */ = {isa = PBXFileReference; lastKnownFileType = image.png; path = user_select.png; sourceTree = "<group>"; };
		4ED300731BA2FBB3000A963C /* user_nor.png */ = {isa = PBXFileReference; lastKnownFileType = image.png; path = user_nor.png; sourceTree = "<group>"; };
		4ED300741BA2FBB3000A963C /* xinwen_nor.png */ = {isa = PBXFileReference; lastKnownFileType = image.png; path = xinwen_nor.png; sourceTree = "<group>"; };
		4ED300751BA2FBB3000A963C /* xinwen_select.png */ = {isa = PBXFileReference; lastKnownFileType = image.png; path = xinwen_select.png; sourceTree = "<group>"; };
		4ED3007C1BA307C5000A963C /* CharNextViewController.h */ = {isa = PBXFileReference; fileEncoding = 4; lastKnownFileType = sourcecode.c.h; path = CharNextViewController.h; sourceTree = "<group>"; };
		4ED3007D1BA307C5000A963C /* CharNextViewController.m */ = {isa = PBXFileReference; fileEncoding = 4; lastKnownFileType = sourcecode.c.objc; path = CharNextViewController.m; sourceTree = "<group>"; };
		4ED3007E1BA307C5000A963C /* CharNextViewController.xib */ = {isa = PBXFileReference; fileEncoding = 4; lastKnownFileType = file.xib; path = CharNextViewController.xib; sourceTree = "<group>"; };
		4ED300811BA308AF000A963C /* PicharNextViewController.h */ = {isa = PBXFileReference; fileEncoding = 4; lastKnownFileType = sourcecode.c.h; path = PicharNextViewController.h; sourceTree = "<group>"; };
		4ED300821BA308AF000A963C /* PicharNextViewController.m */ = {isa = PBXFileReference; fileEncoding = 4; lastKnownFileType = sourcecode.c.objc; path = PicharNextViewController.m; sourceTree = "<group>"; };
		4ED300831BA308AF000A963C /* PicharNextViewController.xib */ = {isa = PBXFileReference; fileEncoding = 4; lastKnownFileType = file.xib; path = PicharNextViewController.xib; sourceTree = "<group>"; };
		4EDA22981BA19CC000DE05CA /* bjtp.png */ = {isa = PBXFileReference; lastKnownFileType = image.png; path = bjtp.png; sourceTree = "<group>"; };
		4EDD0FA81BA3D1DA005F9DE9 /* CharaNextMode.h */ = {isa = PBXFileReference; fileEncoding = 4; lastKnownFileType = sourcecode.c.h; path = CharaNextMode.h; sourceTree = "<group>"; };
		4EDD0FA91BA3D1DA005F9DE9 /* CharaNextMode.m */ = {isa = PBXFileReference; fileEncoding = 4; lastKnownFileType = sourcecode.c.objc; path = CharaNextMode.m; sourceTree = "<group>"; };
		4EDD0FAB1BA400AC005F9DE9 /* PharAndCharTableViewCell.h */ = {isa = PBXFileReference; fileEncoding = 4; lastKnownFileType = sourcecode.c.h; path = PharAndCharTableViewCell.h; sourceTree = "<group>"; };
		4EDD0FAC1BA400AC005F9DE9 /* PharAndCharTableViewCell.m */ = {isa = PBXFileReference; fileEncoding = 4; lastKnownFileType = sourcecode.c.objc; path = PharAndCharTableViewCell.m; sourceTree = "<group>"; };
		4EDD0FB01BA41F32005F9DE9 /* PicNextMode.h */ = {isa = PBXFileReference; fileEncoding = 4; lastKnownFileType = sourcecode.c.h; path = PicNextMode.h; sourceTree = "<group>"; };
		4EDD0FB11BA41F32005F9DE9 /* PicNextMode.m */ = {isa = PBXFileReference; fileEncoding = 4; lastKnownFileType = sourcecode.c.objc; path = PicNextMode.m; sourceTree = "<group>"; };
		4EDE57071BA6684200C3FF92 /* 前导页.png */ = {isa = PBXFileReference; lastKnownFileType = image.png; path = "前导页.png"; sourceTree = "<group>"; };
		4EDE57091BA66EF300C3FF92 /* 前导.gif */ = {isa = PBXFileReference; lastKnownFileType = image.gif; path = "前导.gif"; sourceTree = "<group>"; };
		4EDE570B1BA6701400C3FF92 /* qiandaoye.h */ = {isa = PBXFileReference; fileEncoding = 4; lastKnownFileType = sourcecode.c.h; path = qiandaoye.h; sourceTree = "<group>"; };
		4EDE570C1BA6701400C3FF92 /* qiandaoye.m */ = {isa = PBXFileReference; fileEncoding = 4; lastKnownFileType = sourcecode.c.objc; path = qiandaoye.m; sourceTree = "<group>"; };
		4EDE570D1BA6701400C3FF92 /* qiandaoye.xib */ = {isa = PBXFileReference; fileEncoding = 4; lastKnownFileType = file.xib; path = qiandaoye.xib; sourceTree = "<group>"; };
		4EDE57101BA6842500C3FF92 /* ditu.png */ = {isa = PBXFileReference; lastKnownFileType = image.png; path = ditu.png; sourceTree = "<group>"; };
		4EF72B511B9ABC0800DCF688 /* MainUITabBarController.h */ = {isa = PBXFileReference; fileEncoding = 4; lastKnownFileType = sourcecode.c.h; path = MainUITabBarController.h; sourceTree = "<group>"; };
		4EF72B521B9ABC0800DCF688 /* MainUITabBarController.m */ = {isa = PBXFileReference; fileEncoding = 4; lastKnownFileType = sourcecode.c.objc; path = MainUITabBarController.m; sourceTree = "<group>"; };
		4EF72B541B9ABC3200DCF688 /* MainUINavigationController.h */ = {isa = PBXFileReference; fileEncoding = 4; lastKnownFileType = sourcecode.c.h; path = MainUINavigationController.h; sourceTree = "<group>"; };
		4EF72B551B9ABC3200DCF688 /* MainUINavigationController.m */ = {isa = PBXFileReference; fileEncoding = 4; lastKnownFileType = sourcecode.c.objc; path = MainUINavigationController.m; sourceTree = "<group>"; };
		4EF72B571B9ABC6700DCF688 /* JokeViewController.h */ = {isa = PBXFileReference; fileEncoding = 4; lastKnownFileType = sourcecode.c.h; path = JokeViewController.h; sourceTree = "<group>"; };
		4EF72B581B9ABC6700DCF688 /* JokeViewController.m */ = {isa = PBXFileReference; fileEncoding = 4; lastKnownFileType = sourcecode.c.objc; path = JokeViewController.m; sourceTree = "<group>"; };
		4EF72B5A1B9ABC7500DCF688 /* MeViewController.h */ = {isa = PBXFileReference; fileEncoding = 4; lastKnownFileType = sourcecode.c.h; path = MeViewController.h; sourceTree = "<group>"; };
		4EF72B5B1B9ABC7500DCF688 /* MeViewController.m */ = {isa = PBXFileReference; fileEncoding = 4; lastKnownFileType = sourcecode.c.objc; path = MeViewController.m; sourceTree = "<group>"; };
		4EF72B5D1B9ABC9100DCF688 /* NewsViewController.h */ = {isa = PBXFileReference; fileEncoding = 4; lastKnownFileType = sourcecode.c.h; path = NewsViewController.h; sourceTree = "<group>"; };
		4EF72B5E1B9ABC9100DCF688 /* NewsViewController.m */ = {isa = PBXFileReference; fileEncoding = 4; lastKnownFileType = sourcecode.c.objc; path = NewsViewController.m; sourceTree = "<group>"; };
		4EF72B601B9ABDD400DCF688 /* PrefixHeader.pch */ = {isa = PBXFileReference; lastKnownFileType = sourcecode.c.h; path = PrefixHeader.pch; sourceTree = "<group>"; };
		4EF9501F1BA05AD100183F91 /* FLAnimatedImage.h */ = {isa = PBXFileReference; fileEncoding = 4; lastKnownFileType = sourcecode.c.h; path = FLAnimatedImage.h; sourceTree = "<group>"; };
		4EF950201BA05AD100183F91 /* FLAnimatedImage.m */ = {isa = PBXFileReference; fileEncoding = 4; lastKnownFileType = sourcecode.c.objc; path = FLAnimatedImage.m; sourceTree = "<group>"; };
		4EF950211BA05AD100183F91 /* FLAnimatedImageView.h */ = {isa = PBXFileReference; fileEncoding = 4; lastKnownFileType = sourcecode.c.h; path = FLAnimatedImageView.h; sourceTree = "<group>"; };
		4EF950221BA05AD100183F91 /* FLAnimatedImageView.m */ = {isa = PBXFileReference; fileEncoding = 4; lastKnownFileType = sourcecode.c.objc; path = FLAnimatedImageView.m; sourceTree = "<group>"; };
		4EF950231BA05AD100183F91 /* Info.plist */ = {isa = PBXFileReference; fileEncoding = 4; lastKnownFileType = text.plist.xml; path = Info.plist; sourceTree = "<group>"; };
		4EF950271BA06F7A00183F91 /* ico_cnleft_download.png */ = {isa = PBXFileReference; lastKnownFileType = image.png; path = ico_cnleft_download.png; sourceTree = "<group>"; };
		4EF950291BA06FAC00183F91 /* ico_cnleft_list.png */ = {isa = PBXFileReference; lastKnownFileType = image.png; path = ico_cnleft_list.png; sourceTree = "<group>"; };
		4EF9502B1BA06FC700183F91 /* ico_cnleft_setting.png */ = {isa = PBXFileReference; lastKnownFileType = image.png; path = ico_cnleft_setting.png; sourceTree = "<group>"; };
/* End PBXFileReference section */

/* Begin PBXFrameworksBuildPhase section */
		4EA4D1BD1B9AB4C4002D6312 /* Frameworks */ = {
			isa = PBXFrameworksBuildPhase;
			buildActionMask = 2147483647;
			files = (
				4E3643D41B9AEEFB0004D625 /* CoreGraphics.framework in Frameworks */,
				4E3643B41B9AEE4A0004D625 /* libxml2.dylib in Frameworks */,
			);
			runOnlyForDeploymentPostprocessing = 0;
		};
		4EA4D1D01B9AB4C4002D6312 /* Frameworks */ = {
			isa = PBXFrameworksBuildPhase;
			buildActionMask = 2147483647;
			files = (
			);
			runOnlyForDeploymentPostprocessing = 0;
		};
/* End PBXFrameworksBuildPhase section */

/* Begin PBXGroup section */
		4E36432B1B9AC7EB0004D625 /* AFNetworking */ = {
			isa = PBXGroup;
			children = (
				4E36432C1B9AC7EB0004D625 /* AFNetworking */,
				4E3643401B9AC7EB0004D625 /* UIKit+AFNetworking */,
			);
			path = AFNetworking;
			sourceTree = "<group>";
		};
		4E36432C1B9AC7EB0004D625 /* AFNetworking */ = {
			isa = PBXGroup;
			children = (
				4E36432D1B9AC7EB0004D625 /* AFHTTPRequestOperation.h */,
				4E36432E1B9AC7EB0004D625 /* AFHTTPRequestOperation.m */,
				4E36432F1B9AC7EB0004D625 /* AFHTTPRequestOperationManager.h */,
				4E3643301B9AC7EB0004D625 /* AFHTTPRequestOperationManager.m */,
				4E3643311B9AC7EB0004D625 /* AFHTTPSessionManager.h */,
				4E3643321B9AC7EB0004D625 /* AFHTTPSessionManager.m */,
				4E3643331B9AC7EB0004D625 /* AFNetworking.h */,
				4E3643341B9AC7EB0004D625 /* AFNetworkReachabilityManager.h */,
				4E3643351B9AC7EB0004D625 /* AFNetworkReachabilityManager.m */,
				4E3643361B9AC7EB0004D625 /* AFSecurityPolicy.h */,
				4E3643371B9AC7EB0004D625 /* AFSecurityPolicy.m */,
				4E3643381B9AC7EB0004D625 /* AFURLConnectionOperation.h */,
				4E3643391B9AC7EB0004D625 /* AFURLConnectionOperation.m */,
				4E36433A1B9AC7EB0004D625 /* AFURLRequestSerialization.h */,
				4E36433B1B9AC7EB0004D625 /* AFURLRequestSerialization.m */,
				4E36433C1B9AC7EB0004D625 /* AFURLResponseSerialization.h */,
				4E36433D1B9AC7EB0004D625 /* AFURLResponseSerialization.m */,
				4E36433E1B9AC7EB0004D625 /* AFURLSessionManager.h */,
				4E36433F1B9AC7EB0004D625 /* AFURLSessionManager.m */,
			);
			path = AFNetworking;
			sourceTree = "<group>";
		};
		4E3643401B9AC7EB0004D625 /* UIKit+AFNetworking */ = {
			isa = PBXGroup;
			children = (
				4E3643411B9AC7EB0004D625 /* AFNetworkActivityIndicatorManager.h */,
				4E3643421B9AC7EB0004D625 /* AFNetworkActivityIndicatorManager.m */,
				4E3643431B9AC7EB0004D625 /* UIActivityIndicatorView+AFNetworking.h */,
				4E3643441B9AC7EB0004D625 /* UIActivityIndicatorView+AFNetworking.m */,
				4E3643451B9AC7EB0004D625 /* UIAlertView+AFNetworking.h */,
				4E3643461B9AC7EB0004D625 /* UIAlertView+AFNetworking.m */,
				4E3643471B9AC7EB0004D625 /* UIButton+AFNetworking.h */,
				4E3643481B9AC7EB0004D625 /* UIButton+AFNetworking.m */,
				4E3643491B9AC7EB0004D625 /* UIImageView+AFNetworking.h */,
				4E36434A1B9AC7EB0004D625 /* UIImageView+AFNetworking.m */,
				4E36434B1B9AC7EB0004D625 /* UIKit+AFNetworking.h */,
				4E36434C1B9AC7EB0004D625 /* UIProgressView+AFNetworking.h */,
				4E36434D1B9AC7EB0004D625 /* UIProgressView+AFNetworking.m */,
				4E36434E1B9AC7EB0004D625 /* UIRefreshControl+AFNetworking.h */,
				4E36434F1B9AC7EB0004D625 /* UIRefreshControl+AFNetworking.m */,
				4E3643501B9AC7EB0004D625 /* UIWebView+AFNetworking.h */,
				4E3643511B9AC7EB0004D625 /* UIWebView+AFNetworking.m */,
			);
			path = "UIKit+AFNetworking";
			sourceTree = "<group>";
		};
		4E3643691B9AC9890004D625 /* TabBarController */ = {
			isa = PBXGroup;
			children = (
				4E36436A1B9AC9A00004D625 /* RDVTabBar.h */,
				4E36436B1B9AC9A00004D625 /* RDVTabBar.m */,
				4E36436D1B9AC9AC0004D625 /* RDVTabBarController.h */,
				4E36436E1B9AC9AC0004D625 /* RDVTabBarController.m */,
				4E3643701B9AC9B50004D625 /* RDVTabBarItem.h */,
				4E3643711B9AC9B50004D625 /* RDVTabBarItem.m */,
			);
			path = TabBarController;
			sourceTree = "<group>";
		};
		4E36437C1B9ACFB00004D625 /* Utils */ = {
			isa = PBXGroup;
			children = (
			);
			path = Utils;
			sourceTree = "<group>";
		};
		4E36437D1B9ACFFB0004D625 /* EScrollerView */ = {
			isa = PBXGroup;
			children = (
				4E36437E1B9ACFFB0004D625 /* EScrollerView.h */,
				4E36437F1B9ACFFB0004D625 /* EScrollerView.m */,
			);
			path = EScrollerView;
			sourceTree = "<group>";
		};
		4E36438C1B9ADA8F0004D625 /* Masonry */ = {
			isa = PBXGroup;
			children = (
				4E36438D1B9ADA8F0004D625 /* Info.plist */,
				4E36438E1B9ADA8F0004D625 /* MASCompositeConstraint.h */,
				4E36438F1B9ADA8F0004D625 /* MASCompositeConstraint.m */,
				4E3643901B9ADA8F0004D625 /* MASConstraint+Private.h */,
				4E3643911B9ADA8F0004D625 /* MASConstraint.h */,
				4E3643921B9ADA8F0004D625 /* MASConstraint.m */,
				4E3643931B9ADA8F0004D625 /* MASConstraintMaker.h */,
				4E3643941B9ADA8F0004D625 /* MASConstraintMaker.m */,
				4E3643951B9ADA8F0004D625 /* MASLayoutConstraint.h */,
				4E3643961B9ADA8F0004D625 /* MASLayoutConstraint.m */,
				4E3643971B9ADA8F0004D625 /* Masonry.h */,
				4E3643981B9ADA8F0004D625 /* MASUtilities.h */,
				4E3643991B9ADA8F0004D625 /* MASViewAttribute.h */,
				4E36439A1B9ADA8F0004D625 /* MASViewAttribute.m */,
				4E36439B1B9ADA8F0004D625 /* MASViewConstraint.h */,
				4E36439C1B9ADA8F0004D625 /* MASViewConstraint.m */,
				4E36439D1B9ADA8F0004D625 /* NSArray+MASAdditions.h */,
				4E36439E1B9ADA8F0004D625 /* NSArray+MASAdditions.m */,
				4E36439F1B9ADA8F0004D625 /* NSArray+MASShorthandAdditions.h */,
				4E3643A01B9ADA8F0004D625 /* NSLayoutConstraint+MASDebugAdditions.h */,
				4E3643A11B9ADA8F0004D625 /* NSLayoutConstraint+MASDebugAdditions.m */,
				4E3643A21B9ADA8F0004D625 /* View+MASAdditions.h */,
				4E3643A31B9ADA8F0004D625 /* View+MASAdditions.m */,
				4E3643A41B9ADA8F0004D625 /* View+MASShorthandAdditions.h */,
			);
			path = Masonry;
			sourceTree = "<group>";
		};
		4E3643AF1B9AEDF90004D625 /* GDataXMLNode */ = {
			isa = PBXGroup;
			children = (
				4E3643B01B9AEE170004D625 /* GDataXMLNode.h */,
				4E3643B11B9AEE170004D625 /* GDataXMLNode.m */,
			);
			name = GDataXMLNode;
			sourceTree = "<group>";
		};
		4E3643F01B9C34F30004D625 /* MJRefresh */ = {
			isa = PBXGroup;
			children = (
				4E3643F11B9C34F30004D625 /* MJRefresh.bundle */,
				4E3643F21B9C34F30004D625 /* MJRefresh.h */,
				4E3643F31B9C34F30004D625 /* MJRefreshComponent.h */,
				4E3643F41B9C34F30004D625 /* MJRefreshComponent.m */,
				4E3643F51B9C34F30004D625 /* MJRefreshConst.h */,
				4E3643F61B9C34F30004D625 /* MJRefreshConst.m */,
				4E3643F71B9C34F30004D625 /* MJRefreshFooter.h */,
				4E3643F81B9C34F30004D625 /* MJRefreshFooter.m */,
				4E3643F91B9C34F30004D625 /* MJRefreshGifFooter.h */,
				4E3643FA1B9C34F30004D625 /* MJRefreshGifFooter.m */,
				4E3643FB1B9C34F30004D625 /* MJRefreshGifHeader.h */,
				4E3643FC1B9C34F30004D625 /* MJRefreshGifHeader.m */,
				4E3643FD1B9C34F30004D625 /* MJRefreshHeader.h */,
				4E3643FE1B9C34F30004D625 /* MJRefreshHeader.m */,
				4E3643FF1B9C34F30004D625 /* MJRefreshLegendFooter.h */,
				4E3644001B9C34F30004D625 /* MJRefreshLegendFooter.m */,
				4E3644011B9C34F30004D625 /* MJRefreshLegendHeader.h */,
				4E3644021B9C34F30004D625 /* MJRefreshLegendHeader.m */,
				4E3644031B9C34F30004D625 /* UIScrollView+MJExtension.h */,
				4E3644041B9C34F30004D625 /* UIScrollView+MJExtension.m */,
				4E3644051B9C34F30004D625 /* UIScrollView+MJRefresh.h */,
				4E3644061B9C34F30004D625 /* UIScrollView+MJRefresh.m */,
				4E3644071B9C34F30004D625 /* UIView+MJExtension.h */,
				4E3644081B9C34F30004D625 /* UIView+MJExtension.m */,
			);
			path = MJRefresh;
			sourceTree = "<group>";
		};
		4E3644531B9C66D50004D625 /* image */ = {
			isa = PBXGroup;
			children = (
				4ED3006F1BA2FBB3000A963C /* newsImage */,
				4EDA22981BA19CC000DE05CA /* bjtp.png */,
				4EF9502B1BA06FC700183F91 /* ico_cnleft_setting.png */,
				4EF950291BA06FAC00183F91 /* ico_cnleft_list.png */,
				4EF950271BA06F7A00183F91 /* ico_cnleft_download.png */,
				4E3644541B9C66D50004D625 /* dianzan01@2x.png */,
				4E3644551B9C66D50004D625 /* dianzan02@2x.png */,
				4E3644561B9C66D50004D625 /* pinglun01@2x.png */,
				4E3644571B9C66D50004D625 /* pinglun02@2x.png */,
				4E3644581B9C66D50004D625 /* shoucang01@2x.png */,
				4E3644591B9C66D50004D625 /* shoucang@2x.png */,
				4E36445A1B9C66D50004D625 /* zhuanfa01@2x.png */,
				4E36445B1B9C66D50004D625 /* zhuanfa02@2x.png */,
			);
			path = image;
			sourceTree = "<group>";
		};
		4E646F1C1BA1C9A3006E7E0F /* SDWebImage */ = {
			isa = PBXGroup;
			children = (
				4E646F1D1BA1C9A3006E7E0F /* MKAnnotationView+WebCache.h */,
				4E646F1E1BA1C9A3006E7E0F /* MKAnnotationView+WebCache.m */,
				4E646F1F1BA1C9A3006E7E0F /* NSData+ImageContentType.h */,
				4E646F201BA1C9A3006E7E0F /* NSData+ImageContentType.m */,
				4E646F211BA1C9A3006E7E0F /* SDImageCache.h */,
				4E646F221BA1C9A3006E7E0F /* SDImageCache.m */,
				4E646F231BA1C9A3006E7E0F /* SDWebImageCompat.h */,
				4E646F241BA1C9A3006E7E0F /* SDWebImageCompat.m */,
				4E646F251BA1C9A3006E7E0F /* SDWebImageDecoder.h */,
				4E646F261BA1C9A3006E7E0F /* SDWebImageDecoder.m */,
				4E646F271BA1C9A3006E7E0F /* SDWebImageDownloader.h */,
				4E646F281BA1C9A3006E7E0F /* SDWebImageDownloader.m */,
				4E646F291BA1C9A3006E7E0F /* SDWebImageDownloaderOperation.h */,
				4E646F2A1BA1C9A3006E7E0F /* SDWebImageDownloaderOperation.m */,
				4E646F2B1BA1C9A3006E7E0F /* SDWebImageManager.h */,
				4E646F2C1BA1C9A3006E7E0F /* SDWebImageManager.m */,
				4E646F2D1BA1C9A3006E7E0F /* SDWebImageOperation.h */,
				4E646F2E1BA1C9A3006E7E0F /* SDWebImagePrefetcher.h */,
				4E646F2F1BA1C9A3006E7E0F /* SDWebImagePrefetcher.m */,
				4E646F301BA1C9A3006E7E0F /* UIButton+WebCache.h */,
				4E646F311BA1C9A3006E7E0F /* UIButton+WebCache.m */,
				4E646F321BA1C9A3006E7E0F /* UIImage+GIF.h */,
				4E646F331BA1C9A3006E7E0F /* UIImage+GIF.m */,
				4E646F341BA1C9A3006E7E0F /* UIImage+MultiFormat.h */,
				4E646F351BA1C9A3006E7E0F /* UIImage+MultiFormat.m */,
				4E646F361BA1C9A3006E7E0F /* UIImage+WebP.h */,
				4E646F371BA1C9A3006E7E0F /* UIImage+WebP.m */,
				4E646F381BA1C9A3006E7E0F /* UIImageView+HighlightedWebCache.h */,
				4E646F391BA1C9A3006E7E0F /* UIImageView+HighlightedWebCache.m */,
				4E646F3A1BA1C9A3006E7E0F /* UIImageView+WebCache.h */,
				4E646F3B1BA1C9A3006E7E0F /* UIImageView+WebCache.m */,
				4E646F3C1BA1C9A3006E7E0F /* UIView+WebCacheOperation.h */,
				4E646F3D1BA1C9A3006E7E0F /* UIView+WebCacheOperation.m */,
			);
			path = SDWebImage;
			sourceTree = "<group>";
		};
		4EA4D1B71B9AB4C4002D6312 = {
			isa = PBXGroup;
			children = (
				4E3643D31B9AEEFB0004D625 /* CoreGraphics.framework */,
				4E3643B31B9AEE4A0004D625 /* libxml2.dylib */,
				4EA4D1C21B9AB4C4002D6312 /* 观天下 */,
				4EA4D1D61B9AB4C4002D6312 /* 观天下Tests */,
				4EA4D1C11B9AB4C4002D6312 /* Products */,
			);
			sourceTree = "<group>";
		};
		4EA4D1C11B9AB4C4002D6312 /* Products */ = {
			isa = PBXGroup;
			children = (
				4EA4D1C01B9AB4C4002D6312 /* 观天下.app */,
				4EA4D1D31B9AB4C4002D6312 /* 观天下Tests.xctest */,
			);
			name = Products;
			sourceTree = "<group>";
		};
		4EA4D1C21B9AB4C4002D6312 /* 观天下 */ = {
			isa = PBXGroup;
			children = (
				4EA4D2CB1B9ABADF002D6312 /* main */,
				4EA4D25B1B9AB6A6002D6312 /* other(其他) */,
				4EA4D25E1B9AB6A6002D6312 /* Resouces */,
				4EA4D24F1B9AB5F3002D6312 /* joke(笑话) */,
				4EA4D2531B9AB5F3002D6312 /* me(我) */,
				4EA4D2571B9AB5F4002D6312 /* news(新闻) */,
				4EA4D1C71B9AB4C4002D6312 /* AppDelegate.h */,
				4EA4D1C81B9AB4C4002D6312 /* AppDelegate.m */,
				4EA4D1CA1B9AB4C4002D6312 /* Images.xcassets */,
				4EA4D1CC1B9AB4C4002D6312 /* LaunchScreen.xib */,
				4EDE570B1BA6701400C3FF92 /* qiandaoye.h */,
				4EDE570C1BA6701400C3FF92 /* qiandaoye.m */,
				4EDE570D1BA6701400C3FF92 /* qiandaoye.xib */,
				4EA4D1C31B9AB4C4002D6312 /* Supporting Files */,
			);
			path = "观天下";
			sourceTree = "<group>";
		};
		4EA4D1C31B9AB4C4002D6312 /* Supporting Files */ = {
			isa = PBXGroup;
			children = (
				4EA4D1C41B9AB4C4002D6312 /* Info.plist */,
				4EA4D1C51B9AB4C4002D6312 /* main.m */,
				4EF72B601B9ABDD400DCF688 /* PrefixHeader.pch */,
			);
			name = "Supporting Files";
			sourceTree = "<group>";
		};
		4EA4D1D61B9AB4C4002D6312 /* 观天下Tests */ = {
			isa = PBXGroup;
			children = (
				4EA4D1D91B9AB4C4002D6312 /* ___Tests.m */,
				4EA4D1D71B9AB4C4002D6312 /* Supporting Files */,
			);
			path = "观天下Tests";
			sourceTree = "<group>";
		};
		4EA4D1D71B9AB4C4002D6312 /* Supporting Files */ = {
			isa = PBXGroup;
			children = (
				4EA4D1D81B9AB4C4002D6312 /* Info.plist */,
			);
			name = "Supporting Files";
			sourceTree = "<group>";
		};
		4EA4D24F1B9AB5F3002D6312 /* joke(笑话) */ = {
			isa = PBXGroup;
			children = (
				4EA4D2501B9AB5F3002D6312 /* C */,
				4EA4D2511B9AB5F3002D6312 /* M */,
				4EA4D2521B9AB5F3002D6312 /* V */,
			);
			path = "joke(笑话)";
			sourceTree = "<group>";
		};
		4EA4D2501B9AB5F3002D6312 /* C */ = {
			isa = PBXGroup;
			children = (
				4EF72B571B9ABC6700DCF688 /* JokeViewController.h */,
				4EF72B581B9ABC6700DCF688 /* JokeViewController.m */,
				4E3643E41B9C02020004D625 /* CharacterViewController.h */,
				4E3643E51B9C02020004D625 /* CharacterViewController.m */,
				4E3643E71B9C021C0004D625 /* PictureViewController.h */,
				4E3643E81B9C021C0004D625 /* PictureViewController.m */,
				4ED3007C1BA307C5000A963C /* CharNextViewController.h */,
				4ED3007D1BA307C5000A963C /* CharNextViewController.m */,
				4ED3007E1BA307C5000A963C /* CharNextViewController.xib */,
				4ED300811BA308AF000A963C /* PicharNextViewController.h */,
				4ED300821BA308AF000A963C /* PicharNextViewController.m */,
				4ED300831BA308AF000A963C /* PicharNextViewController.xib */,
			);
			path = C;
			sourceTree = "<group>";
		};
		4EA4D2511B9AB5F3002D6312 /* M */ = {
			isa = PBXGroup;
			children = (
				4E3643EA1B9C22300004D625 /* CharacterMode.h */,
				4E3643EB1B9C22300004D625 /* CharacterMode.m */,
				4E3643ED1B9C225E0004D625 /* PictureMode.h */,
				4E3643EE1B9C225E0004D625 /* PictureMode.m */,
				4EDD0FA81BA3D1DA005F9DE9 /* CharaNextMode.h */,
				4EDD0FA91BA3D1DA005F9DE9 /* CharaNextMode.m */,
				4EDD0FB01BA41F32005F9DE9 /* PicNextMode.h */,
				4EDD0FB11BA41F32005F9DE9 /* PicNextMode.m */,
			);
			path = M;
			sourceTree = "<group>";
		};
		4EA4D2521B9AB5F3002D6312 /* V */ = {
			isa = PBXGroup;
			children = (
				4E3644501B9C65460004D625 /* CharacterViewCell.h */,
				4E3644511B9C65460004D625 /* CharacterViewCell.m */,
				4E6002141B9D390C00692A41 /* PictureViewCell.h */,
				4E6002151B9D390C00692A41 /* PictureViewCell.m */,
				4E3643E11B9BEF080004D625 /* SwitchView.h */,
				4E3643E21B9BEF080004D625 /* SwitchView.m */,
				4EDD0FAB1BA400AC005F9DE9 /* PharAndCharTableViewCell.h */,
				4EDD0FAC1BA400AC005F9DE9 /* PharAndCharTableViewCell.m */,
			);
			path = V;
			sourceTree = "<group>";
		};
		4EA4D2531B9AB5F3002D6312 /* me(我) */ = {
			isa = PBXGroup;
			children = (
				4EA4D2541B9AB5F3002D6312 /* C */,
				4EA4D2551B9AB5F4002D6312 /* M */,
				4EA4D2561B9AB5F4002D6312 /* V */,
			);
			path = "me(我)";
			sourceTree = "<group>";
		};
		4EA4D2541B9AB5F3002D6312 /* C */ = {
			isa = PBXGroup;
			children = (
				4EF72B5A1B9ABC7500DCF688 /* MeViewController.h */,
				4EF72B5B1B9ABC7500DCF688 /* MeViewController.m */,
			);
			path = C;
			sourceTree = "<group>";
		};
		4EA4D2551B9AB5F4002D6312 /* M */ = {
			isa = PBXGroup;
			children = (
			);
			path = M;
			sourceTree = "<group>";
		};
		4EA4D2561B9AB5F4002D6312 /* V */ = {
			isa = PBXGroup;
			children = (
			);
			path = V;
			sourceTree = "<group>";
		};
		4EA4D2571B9AB5F4002D6312 /* news(新闻) */ = {
			isa = PBXGroup;
			children = (
				4EA4D2581B9AB5F4002D6312 /* C */,
				4EA4D2591B9AB5F4002D6312 /* M */,
				4EA4D25A1B9AB5F4002D6312 /* V */,
			);
			path = "news(新闻)";
			sourceTree = "<group>";
		};
		4EA4D2581B9AB5F4002D6312 /* C */ = {
			isa = PBXGroup;
			children = (
				4EF72B5D1B9ABC9100DCF688 /* NewsViewController.h */,
				4EF72B5E1B9ABC9100DCF688 /* NewsViewController.m */,
				4E3643DB1B9B09DE0004D625 /* NextViewController.h */,
				4E3643DC1B9B09DE0004D625 /* NextViewController.m */,
			);
			path = C;
			sourceTree = "<group>";
		};
		4EA4D2591B9AB5F4002D6312 /* M */ = {
			isa = PBXGroup;
			children = (
				4E3643D51B9AF9A00004D625 /* NewsMode.h */,
				4E3643D61B9AF9A00004D625 /* NewsMode.m */,
				4E3643DE1B9B1C580004D625 /* TitileMode.h */,
				4E3643DF1B9B1C580004D625 /* TitileMode.m */,
			);
			path = M;
			sourceTree = "<group>";
		};
		4EA4D25A1B9AB5F4002D6312 /* V */ = {
			isa = PBXGroup;
			children = (
				4E36437D1B9ACFFB0004D625 /* EScrollerView */,
				4E3643791B9ACED00004D625 /* TitleTableViewCell.h */,
				4E36437A1B9ACED00004D625 /* TitleTableViewCell.m */,
				4E3643871B9AD3E60004D625 /* NewsTableViewCell.h */,
				4E3643881B9AD3E60004D625 /* NewsTableViewCell.m */,
			);
			path = V;
			sourceTree = "<group>";
		};
		4EA4D25B1B9AB6A6002D6312 /* other(其他) */ = {
			isa = PBXGroup;
			children = (
				4E36437C1B9ACFB00004D625 /* Utils */,
				4EA4D25C1B9AB6A6002D6312 /* Lib */,
				4EA4D25D1B9AB6A6002D6312 /* NetWork */,
			);
			path = "other(其他)";
			sourceTree = "<group>";
		};
		4EA4D25C1B9AB6A6002D6312 /* Lib */ = {
			isa = PBXGroup;
			children = (
				4E3644151B9C3CE80004D625 /* MBProgressHUD.h */,
				4E3644161B9C3CE80004D625 /* MBProgressHUD.m */,
				4E646F1C1BA1C9A3006E7E0F /* SDWebImage */,
				4EF9501E1BA05AD100183F91 /* FLAnimatedImage */,
				4E3643F01B9C34F30004D625 /* MJRefresh */,
				4E3643AF1B9AEDF90004D625 /* GDataXMLNode */,
				4E36438C1B9ADA8F0004D625 /* Masonry */,
				4E3643691B9AC9890004D625 /* TabBarController */,
				4E36432B1B9AC7EB0004D625 /* AFNetworking */,
			);
			path = Lib;
			sourceTree = "<group>";
		};
		4EA4D25D1B9AB6A6002D6312 /* NetWork */ = {
			isa = PBXGroup;
			children = (
				4E3643631B9AC80C0004D625 /* AFAppDotNetAPIClient.h */,
				4E3643641B9AC80C0004D625 /* AFAppDotNetAPIClient.m */,
				4E3643651B9AC80D0004D625 /* DownLoadData.h */,
				4E3643661B9AC80D0004D625 /* DownLoadData.m */,
			);
			path = NetWork;
			sourceTree = "<group>";
		};
		4EA4D25E1B9AB6A6002D6312 /* Resouces */ = {
			isa = PBXGroup;
			children = (
				4E3644531B9C66D50004D625 /* image */,
			);
			path = Resouces;
			sourceTree = "<group>";
		};
		4EA4D2CB1B9ABADF002D6312 /* main */ = {
			isa = PBXGroup;
			children = (
				4EA4D2CC1B9ABADF002D6312 /* C */,
				4EA4D2CD1B9ABADF002D6312 /* M */,
				4EA4D2CE1B9ABADF002D6312 /* V */,
			);
			path = main;
			sourceTree = "<group>";
		};
		4EA4D2CC1B9ABADF002D6312 /* C */ = {
			isa = PBXGroup;
			children = (
				4EF72B511B9ABC0800DCF688 /* MainUITabBarController.h */,
				4EF72B521B9ABC0800DCF688 /* MainUITabBarController.m */,
				4EF72B541B9ABC3200DCF688 /* MainUINavigationController.h */,
				4EF72B551B9ABC3200DCF688 /* MainUINavigationController.m */,
				4E3643761B9ACD5F0004D625 /* MainViewController.h */,
				4E3643771B9ACD5F0004D625 /* MainViewController.m */,
			);
			path = C;
			sourceTree = "<group>";
		};
		4EA4D2CD1B9ABADF002D6312 /* M */ = {
			isa = PBXGroup;
			children = (
			);
			path = M;
			sourceTree = "<group>";
		};
		4EA4D2CE1B9ABADF002D6312 /* V */ = {
			isa = PBXGroup;
			children = (
			);
			path = V;
			sourceTree = "<group>";
		};
		4ED3006F1BA2FBB3000A963C /* newsImage */ = {
			isa = PBXGroup;
			children = (
				4EDE57101BA6842500C3FF92 /* ditu.png */,
				4EDE57091BA66EF300C3FF92 /* 前导.gif */,
				4EDE57071BA6684200C3FF92 /* 前导页.png */,
				4ED300701BA2FBB3000A963C /* tugua_nor.png */,
				4ED300711BA2FBB3000A963C /* tugua_select.png */,
				4ED300721BA2FBB3000A963C /* user_select.png */,
				4ED300731BA2FBB3000A963C /* user_nor.png */,
				4ED300741BA2FBB3000A963C /* xinwen_nor.png */,
				4ED300751BA2FBB3000A963C /* xinwen_select.png */,
			);
			path = newsImage;
			sourceTree = "<group>";
		};
		4EF9501E1BA05AD100183F91 /* FLAnimatedImage */ = {
			isa = PBXGroup;
			children = (
				4EF9501F1BA05AD100183F91 /* FLAnimatedImage.h */,
				4EF950201BA05AD100183F91 /* FLAnimatedImage.m */,
				4EF950211BA05AD100183F91 /* FLAnimatedImageView.h */,
				4EF950221BA05AD100183F91 /* FLAnimatedImageView.m */,
				4EF950231BA05AD100183F91 /* Info.plist */,
			);
			path = FLAnimatedImage;
			sourceTree = "<group>";
		};
/* End PBXGroup section */

/* Begin PBXNativeTarget section */
		4EA4D1BF1B9AB4C4002D6312 /* 观天下 */ = {
			isa = PBXNativeTarget;
			buildConfigurationList = 4EA4D1DD1B9AB4C4002D6312 /* Build configuration list for PBXNativeTarget "观天下" */;
			buildPhases = (
				4EA4D1BC1B9AB4C4002D6312 /* Sources */,
				4EA4D1BD1B9AB4C4002D6312 /* Frameworks */,
				4EA4D1BE1B9AB4C4002D6312 /* Resources */,
			);
			buildRules = (
			);
			dependencies = (
			);
			name = "观天下";
			productName = "观天下";
			productReference = 4EA4D1C01B9AB4C4002D6312 /* 观天下.app */;
			productType = "com.apple.product-type.application";
		};
		4EA4D1D21B9AB4C4002D6312 /* 观天下Tests */ = {
			isa = PBXNativeTarget;
			buildConfigurationList = 4EA4D1E01B9AB4C4002D6312 /* Build configuration list for PBXNativeTarget "观天下Tests" */;
			buildPhases = (
				4EA4D1CF1B9AB4C4002D6312 /* Sources */,
				4EA4D1D01B9AB4C4002D6312 /* Frameworks */,
				4EA4D1D11B9AB4C4002D6312 /* Resources */,
			);
			buildRules = (
			);
			dependencies = (
				4EA4D1D51B9AB4C4002D6312 /* PBXTargetDependency */,
			);
			name = "观天下Tests";
			productName = "观天下Tests";
			productReference = 4EA4D1D31B9AB4C4002D6312 /* 观天下Tests.xctest */;
			productType = "com.apple.product-type.bundle.unit-test";
		};
/* End PBXNativeTarget section */

/* Begin PBXProject section */
		4EA4D1B81B9AB4C4002D6312 /* Project object */ = {
			isa = PBXProject;
			attributes = {
				LastUpgradeCheck = 0640;
				ORGANIZATIONNAME = MS;
				TargetAttributes = {
					4EA4D1BF1B9AB4C4002D6312 = {
						CreatedOnToolsVersion = 6.4;
					};
					4EA4D1D21B9AB4C4002D6312 = {
						CreatedOnToolsVersion = 6.4;
						TestTargetID = 4EA4D1BF1B9AB4C4002D6312;
					};
				};
			};
			buildConfigurationList = 4EA4D1BB1B9AB4C4002D6312 /* Build configuration list for PBXProject "观天下" */;
			compatibilityVersion = "Xcode 3.2";
			developmentRegion = English;
			hasScannedForEncodings = 0;
			knownRegions = (
				en,
				Base,
			);
			mainGroup = 4EA4D1B71B9AB4C4002D6312;
			productRefGroup = 4EA4D1C11B9AB4C4002D6312 /* Products */;
			projectDirPath = "";
			projectRoot = "";
			targets = (
				4EA4D1BF1B9AB4C4002D6312 /* 观天下 */,
				4EA4D1D21B9AB4C4002D6312 /* 观天下Tests */,
			);
		};
/* End PBXProject section */

/* Begin PBXResourcesBuildPhase section */
		4EA4D1BE1B9AB4C4002D6312 /* Resources */ = {
			isa = PBXResourcesBuildPhase;
			buildActionMask = 2147483647;
			files = (
				4ED300771BA2FBB3000A963C /* tugua_select.png in Resources */,
				4E3644611B9C66D50004D625 /* shoucang@2x.png in Resources */,
				4ED300801BA307C5000A963C /* CharNextViewController.xib in Resources */,
				4E3643A51B9ADA8F0004D625 /* Info.plist in Resources */,
				4E3644621B9C66D50004D625 /* zhuanfa01@2x.png in Resources */,
				4ED3007B1BA2FBB3000A963C /* xinwen_select.png in Resources */,
				4ED300851BA308AF000A963C /* PicharNextViewController.xib in Resources */,
				4EF950281BA06F7A00183F91 /* ico_cnleft_download.png in Resources */,
				4EDE57111BA6842500C3FF92 /* ditu.png in Resources */,
				4ED300761BA2FBB3000A963C /* tugua_nor.png in Resources */,
				4ED300781BA2FBB3000A963C /* user_select.png in Resources */,
				4E36445C1B9C66D50004D625 /* dianzan01@2x.png in Resources */,
				4E36445F1B9C66D50004D625 /* pinglun02@2x.png in Resources */,
				4ED3007A1BA2FBB3000A963C /* xinwen_nor.png in Resources */,
				4EDE570A1BA66EF300C3FF92 /* 前导.gif in Resources */,
				4EF9502C1BA06FC700183F91 /* ico_cnleft_setting.png in Resources */,
				4E3644601B9C66D50004D625 /* shoucang01@2x.png in Resources */,
				4EF9502A1BA06FAC00183F91 /* ico_cnleft_list.png in Resources */,
				4EDE570F1BA6701400C3FF92 /* qiandaoye.xib in Resources */,
				4EF950261BA05AD100183F91 /* Info.plist in Resources */,
				4EDA22991BA19CC000DE05CA /* bjtp.png in Resources */,
				4EA4D1CE1B9AB4C4002D6312 /* LaunchScreen.xib in Resources */,
				4E3644091B9C34F30004D625 /* MJRefresh.bundle in Resources */,
				4E3644631B9C66D50004D625 /* zhuanfa02@2x.png in Resources */,
				4E36445D1B9C66D50004D625 /* dianzan02@2x.png in Resources */,
				4ED300791BA2FBB3000A963C /* user_nor.png in Resources */,
				4EA4D1CB1B9AB4C4002D6312 /* Images.xcassets in Resources */,
				4EDE57081BA6684200C3FF92 /* 前导页.png in Resources */,
				4E36445E1B9C66D50004D625 /* pinglun01@2x.png in Resources */,
			);
			runOnlyForDeploymentPostprocessing = 0;
		};
		4EA4D1D11B9AB4C4002D6312 /* Resources */ = {
			isa = PBXResourcesBuildPhase;
			buildActionMask = 2147483647;
			files = (
			);
			runOnlyForDeploymentPostprocessing = 0;
		};
/* End PBXResourcesBuildPhase section */

/* Begin PBXSourcesBuildPhase section */
		4EA4D1BC1B9AB4C4002D6312 /* Sources */ = {
			isa = PBXSourcesBuildPhase;
			buildActionMask = 2147483647;
			files = (
				4E646F481BA1C9A3006E7E0F /* UIImage+GIF.m in Sources */,
				4E3643DD1B9B09DE0004D625 /* NextViewController.m in Sources */,
				4E3643E01B9B1C580004D625 /* TitileMode.m in Sources */,
				4E3643AB1B9ADA8F0004D625 /* MASViewConstraint.m in Sources */,
				4EDD0FAE1BA400AC005F9DE9 /* PharAndCharTableViewCell.m in Sources */,
				4E36440C1B9C34F30004D625 /* MJRefreshFooter.m in Sources */,
				4E646F441BA1C9A3006E7E0F /* SDWebImageDownloaderOperation.m in Sources */,
				4E3643571B9AC7EB0004D625 /* AFURLConnectionOperation.m in Sources */,
				4EDD0FB21BA41F32005F9DE9 /* PicNextMode.m in Sources */,
				4EF72B5C1B9ABC7500DCF688 /* MeViewController.m in Sources */,
				4E3643561B9AC7EB0004D625 /* AFSecurityPolicy.m in Sources */,
				4EF72B561B9ABC3200DCF688 /* MainUINavigationController.m in Sources */,
				4E3643B21B9AEE170004D625 /* GDataXMLNode.m in Sources */,
				4E3643E61B9C02020004D625 /* CharacterViewController.m in Sources */,
				4E3643601B9AC7EB0004D625 /* UIProgressView+AFNetworking.m in Sources */,
				4E36440B1B9C34F30004D625 /* MJRefreshConst.m in Sources */,
				4E3643A81B9ADA8F0004D625 /* MASConstraintMaker.m in Sources */,
				4E646F471BA1C9A3006E7E0F /* UIButton+WebCache.m in Sources */,
				4E36437B1B9ACED00004D625 /* TitleTableViewCell.m in Sources */,
				4E36435D1B9AC7EB0004D625 /* UIAlertView+AFNetworking.m in Sources */,
				4E36435B1B9AC7EB0004D625 /* AFNetworkActivityIndicatorManager.m in Sources */,
				4E646F3F1BA1C9A3006E7E0F /* NSData+ImageContentType.m in Sources */,
				4E3643AA1B9ADA8F0004D625 /* MASViewAttribute.m in Sources */,
				4E3643891B9AD3E60004D625 /* NewsTableViewCell.m in Sources */,
				4E3643AC1B9ADA8F0004D625 /* NSArray+MASAdditions.m in Sources */,
				4E3643531B9AC7EB0004D625 /* AFHTTPRequestOperationManager.m in Sources */,
				4E3644121B9C34F30004D625 /* UIScrollView+MJExtension.m in Sources */,
				4E3643A61B9ADA8F0004D625 /* MASCompositeConstraint.m in Sources */,
				4E36436C1B9AC9A00004D625 /* RDVTabBar.m in Sources */,
				4E3644101B9C34F30004D625 /* MJRefreshLegendFooter.m in Sources */,
				4E36435E1B9AC7EB0004D625 /* UIButton+AFNetworking.m in Sources */,
				4E3643E91B9C021C0004D625 /* PictureViewController.m in Sources */,
				4E3643D71B9AF9A00004D625 /* NewsMode.m in Sources */,
				4E36435C1B9AC7EB0004D625 /* UIActivityIndicatorView+AFNetworking.m in Sources */,
				4E3643EF1B9C225E0004D625 /* PictureMode.m in Sources */,
				4E646F491BA1C9A3006E7E0F /* UIImage+MultiFormat.m in Sources */,
				4E3644141B9C34F30004D625 /* UIView+MJExtension.m in Sources */,
				4EF950251BA05AD100183F91 /* FLAnimatedImageView.m in Sources */,
				4ED300841BA308AF000A963C /* PicharNextViewController.m in Sources */,
				4E36440D1B9C34F30004D625 /* MJRefreshGifFooter.m in Sources */,
				4EA4D1C91B9AB4C4002D6312 /* AppDelegate.m in Sources */,
				4E3643E31B9BEF080004D625 /* SwitchView.m in Sources */,
				4E3643721B9AC9B50004D625 /* RDVTabBarItem.m in Sources */,
				4E3643AE1B9ADA8F0004D625 /* View+MASAdditions.m in Sources */,
				4E3643781B9ACD5F0004D625 /* MainViewController.m in Sources */,
				4E646F411BA1C9A3006E7E0F /* SDWebImageCompat.m in Sources */,
				4EF950241BA05AD100183F91 /* FLAnimatedImage.m in Sources */,
				4E646F461BA1C9A3006E7E0F /* SDWebImagePrefetcher.m in Sources */,
				4E3644521B9C65460004D625 /* CharacterViewCell.m in Sources */,
				4E646F451BA1C9A3006E7E0F /* SDWebImageManager.m in Sources */,
				4E36440A1B9C34F30004D625 /* MJRefreshComponent.m in Sources */,
				4EDD0FAA1BA3D1DA005F9DE9 /* CharaNextMode.m in Sources */,
				4E3643621B9AC7EB0004D625 /* UIWebView+AFNetworking.m in Sources */,
				4E6002161B9D390C00692A41 /* PictureViewCell.m in Sources */,
				4E3643801B9ACFFB0004D625 /* EScrollerView.m in Sources */,
				4E3643A71B9ADA8F0004D625 /* MASConstraint.m in Sources */,
				4E3644131B9C34F30004D625 /* UIScrollView+MJRefresh.m in Sources */,
				4EA4D1C61B9AB4C4002D6312 /* main.m in Sources */,
				4E646F431BA1C9A3006E7E0F /* SDWebImageDownloader.m in Sources */,
				4EF72B531B9ABC0800DCF688 /* MainUITabBarController.m in Sources */,
				4E3644171B9C3CE80004D625 /* MBProgressHUD.m in Sources */,
				4E3644111B9C34F30004D625 /* MJRefreshLegendHeader.m in Sources */,
				4E36435A1B9AC7EB0004D625 /* AFURLSessionManager.m in Sources */,
				4E646F421BA1C9A3006E7E0F /* SDWebImageDecoder.m in Sources */,
				4E36436F1B9AC9AC0004D625 /* RDVTabBarController.m in Sources */,
				4E3643591B9AC7EB0004D625 /* AFURLResponseSerialization.m in Sources */,
				4EF72B5F1B9ABC9100DCF688 /* NewsViewController.m in Sources */,
				4E3643EC1B9C22300004D625 /* CharacterMode.m in Sources */,
				4E3643681B9AC80D0004D625 /* DownLoadData.m in Sources */,
				4E3643671B9AC80D0004D625 /* AFAppDotNetAPIClient.m in Sources */,
				4E646F4D1BA1C9A3006E7E0F /* UIView+WebCacheOperation.m in Sources */,
				4E36440E1B9C34F30004D625 /* MJRefreshGifHeader.m in Sources */,
				4EDE570E1BA6701400C3FF92 /* qiandaoye.m in Sources */,
				4E646F4A1BA1C9A3006E7E0F /* UIImage+WebP.m in Sources */,
				4E3643581B9AC7EB0004D625 /* AFURLRequestSerialization.m in Sources */,
				4ED3007F1BA307C5000A963C /* CharNextViewController.m in Sources */,
				4E3643611B9AC7EB0004D625 /* UIRefreshControl+AFNetworking.m in Sources */,
				4E646F4C1BA1C9A3006E7E0F /* UIImageView+WebCache.m in Sources */,
				4E3643A91B9ADA8F0004D625 /* MASLayoutConstraint.m in Sources */,
				4E3643AD1B9ADA8F0004D625 /* NSLayoutConstraint+MASDebugAdditions.m in Sources */,
				4E646F4B1BA1C9A3006E7E0F /* UIImageView+HighlightedWebCache.m in Sources */,
				4E36435F1B9AC7EB0004D625 /* UIImageView+AFNetworking.m in Sources */,
				4E3643551B9AC7EB0004D625 /* AFNetworkReachabilityManager.m in Sources */,
				4E36440F1B9C34F30004D625 /* MJRefreshHeader.m in Sources */,
				4EF72B591B9ABC6700DCF688 /* JokeViewController.m in Sources */,
				4E646F3E1BA1C9A3006E7E0F /* MKAnnotationView+WebCache.m in Sources */,
				4E3643521B9AC7EB0004D625 /* AFHTTPRequestOperation.m in Sources */,
				4E3643541B9AC7EB0004D625 /* AFHTTPSessionManager.m in Sources */,
				4E646F401BA1C9A3006E7E0F /* SDImageCache.m in Sources */,
			);
			runOnlyForDeploymentPostprocessing = 0;
		};
		4EA4D1CF1B9AB4C4002D6312 /* Sources */ = {
			isa = PBXSourcesBuildPhase;
			buildActionMask = 2147483647;
			files = (
				4EA4D1DA1B9AB4C4002D6312 /* ___Tests.m in Sources */,
			);
			runOnlyForDeploymentPostprocessing = 0;
		};
/* End PBXSourcesBuildPhase section */

/* Begin PBXTargetDependency section */
		4EA4D1D51B9AB4C4002D6312 /* PBXTargetDependency */ = {
			isa = PBXTargetDependency;
			target = 4EA4D1BF1B9AB4C4002D6312 /* 观天下 */;
			targetProxy = 4EA4D1D41B9AB4C4002D6312 /* PBXContainerItemProxy */;
		};
/* End PBXTargetDependency section */

/* Begin PBXVariantGroup section */
		4EA4D1CC1B9AB4C4002D6312 /* LaunchScreen.xib */ = {
			isa = PBXVariantGroup;
			children = (
				4EA4D1CD1B9AB4C4002D6312 /* Base */,
			);
			name = LaunchScreen.xib;
			sourceTree = "<group>";
		};
/* End PBXVariantGroup section */

/* Begin XCBuildConfiguration section */
		4EA4D1DB1B9AB4C4002D6312 /* Debug */ = {
			isa = XCBuildConfiguration;
			buildSettings = {
				ALWAYS_SEARCH_USER_PATHS = NO;
				CLANG_CXX_LANGUAGE_STANDARD = "gnu++0x";
				CLANG_CXX_LIBRARY = "libc++";
				CLANG_ENABLE_MODULES = YES;
				CLANG_ENABLE_OBJC_ARC = YES;
				CLANG_WARN_BOOL_CONVERSION = YES;
				CLANG_WARN_CONSTANT_CONVERSION = YES;
				CLANG_WARN_DIRECT_OBJC_ISA_USAGE = YES_ERROR;
				CLANG_WARN_EMPTY_BODY = YES;
				CLANG_WARN_ENUM_CONVERSION = YES;
				CLANG_WARN_INT_CONVERSION = YES;
				CLANG_WARN_OBJC_ROOT_CLASS = YES_ERROR;
				CLANG_WARN_UNREACHABLE_CODE = YES;
				CLANG_WARN__DUPLICATE_METHOD_MATCH = YES;
				"CODE_SIGN_IDENTITY[sdk=iphoneos*]" = "iPhone Developer";
				COPY_PHASE_STRIP = NO;
				DEBUG_INFORMATION_FORMAT = "dwarf-with-dsym";
				ENABLE_STRICT_OBJC_MSGSEND = YES;
				GCC_C_LANGUAGE_STANDARD = gnu99;
				GCC_DYNAMIC_NO_PIC = NO;
				GCC_NO_COMMON_BLOCKS = YES;
				GCC_OPTIMIZATION_LEVEL = 0;
				GCC_PREFIX_HEADER = "$(SRCROOT)/观天下/PrefixHeader.pch";
				GCC_PREPROCESSOR_DEFINITIONS = (
					"DEBUG=1",
					"$(inherited)",
				);
				GCC_SYMBOLS_PRIVATE_EXTERN = NO;
				GCC_WARN_64_TO_32_BIT_CONVERSION = YES;
				GCC_WARN_ABOUT_RETURN_TYPE = YES_ERROR;
				GCC_WARN_UNDECLARED_SELECTOR = YES;
				GCC_WARN_UNINITIALIZED_AUTOS = YES_AGGRESSIVE;
				GCC_WARN_UNUSED_FUNCTION = YES;
				GCC_WARN_UNUSED_VARIABLE = YES;
				IPHONEOS_DEPLOYMENT_TARGET = 8.4;
				MTL_ENABLE_DEBUG_INFO = YES;
				ONLY_ACTIVE_ARCH = YES;
				SDKROOT = iphoneos;
				TARGETED_DEVICE_FAMILY = "1,2";
			};
			name = Debug;
		};
		4EA4D1DC1B9AB4C4002D6312 /* Release */ = {
			isa = XCBuildConfiguration;
			buildSettings = {
				ALWAYS_SEARCH_USER_PATHS = NO;
				CLANG_CXX_LANGUAGE_STANDARD = "gnu++0x";
				CLANG_CXX_LIBRARY = "libc++";
				CLANG_ENABLE_MODULES = YES;
				CLANG_ENABLE_OBJC_ARC = YES;
				CLANG_WARN_BOOL_CONVERSION = YES;
				CLANG_WARN_CONSTANT_CONVERSION = YES;
				CLANG_WARN_DIRECT_OBJC_ISA_USAGE = YES_ERROR;
				CLANG_WARN_EMPTY_BODY = YES;
				CLANG_WARN_ENUM_CONVERSION = YES;
				CLANG_WARN_INT_CONVERSION = YES;
				CLANG_WARN_OBJC_ROOT_CLASS = YES_ERROR;
				CLANG_WARN_UNREACHABLE_CODE = YES;
				CLANG_WARN__DUPLICATE_METHOD_MATCH = YES;
				"CODE_SIGN_IDENTITY[sdk=iphoneos*]" = "iPhone Developer";
				COPY_PHASE_STRIP = NO;
				DEBUG_INFORMATION_FORMAT = "dwarf-with-dsym";
				ENABLE_NS_ASSERTIONS = NO;
				ENABLE_STRICT_OBJC_MSGSEND = YES;
				GCC_C_LANGUAGE_STANDARD = gnu99;
				GCC_NO_COMMON_BLOCKS = YES;
				GCC_PREFIX_HEADER = "$(SRCROOT)/观天下/PrefixHeader.pch";
				GCC_WARN_64_TO_32_BIT_CONVERSION = YES;
				GCC_WARN_ABOUT_RETURN_TYPE = YES_ERROR;
				GCC_WARN_UNDECLARED_SELECTOR = YES;
				GCC_WARN_UNINITIALIZED_AUTOS = YES_AGGRESSIVE;
				GCC_WARN_UNUSED_FUNCTION = YES;
				GCC_WARN_UNUSED_VARIABLE = YES;
				IPHONEOS_DEPLOYMENT_TARGET = 8.4;
				MTL_ENABLE_DEBUG_INFO = NO;
				SDKROOT = iphoneos;
				TARGETED_DEVICE_FAMILY = "1,2";
				VALIDATE_PRODUCT = YES;
			};
			name = Release;
		};
		4EA4D1DE1B9AB4C4002D6312 /* Debug */ = {
			isa = XCBuildConfiguration;
			buildSettings = {
				ASSETCATALOG_COMPILER_APPICON_NAME = AppIcon;
				HEADER_SEARCH_PATHS = (
					"$(inherited)",
					/Applications/Xcode.app/Contents/Developer/Toolchains/XcodeDefault.xctoolchain/usr/include,
					/usr/include/libxml2,
				);
				INFOPLIST_FILE = "观天下/Info.plist";
				IPHONEOS_DEPLOYMENT_TARGET = 8.4;
				LD_RUNPATH_SEARCH_PATHS = "$(inherited) @executable_path/Frameworks";
				PRODUCT_NAME = "$(TARGET_NAME)";
			};
			name = Debug;
		};
		4EA4D1DF1B9AB4C4002D6312 /* Release */ = {
			isa = XCBuildConfiguration;
			buildSettings = {
				ASSETCATALOG_COMPILER_APPICON_NAME = AppIcon;
				HEADER_SEARCH_PATHS = (
					"$(inherited)",
					/Applications/Xcode.app/Contents/Developer/Toolchains/XcodeDefault.xctoolchain/usr/include,
					/usr/include/libxml2,
				);
				INFOPLIST_FILE = "观天下/Info.plist";
				IPHONEOS_DEPLOYMENT_TARGET = 8.4;
				LD_RUNPATH_SEARCH_PATHS = "$(inherited) @executable_path/Frameworks";
				PRODUCT_NAME = "$(TARGET_NAME)";
			};
			name = Release;
		};
		4EA4D1E11B9AB4C4002D6312 /* Debug */ = {
			isa = XCBuildConfiguration;
			buildSettings = {
				BUNDLE_LOADER = "$(TEST_HOST)";
				FRAMEWORK_SEARCH_PATHS = (
					"$(SDKROOT)/Developer/Library/Frameworks",
					"$(inherited)",
				);
				GCC_PREPROCESSOR_DEFINITIONS = (
					"DEBUG=1",
					"$(inherited)",
				);
				INFOPLIST_FILE = "观天下Tests/Info.plist";
				LD_RUNPATH_SEARCH_PATHS = "$(inherited) @executable_path/Frameworks @loader_path/Frameworks";
				PRODUCT_NAME = "$(TARGET_NAME)";
				TEST_HOST = "$(BUILT_PRODUCTS_DIR)/观天下.app/观天下";
			};
			name = Debug;
		};
		4EA4D1E21B9AB4C4002D6312 /* Release */ = {
			isa = XCBuildConfiguration;
			buildSettings = {
				BUNDLE_LOADER = "$(TEST_HOST)";
				FRAMEWORK_SEARCH_PATHS = (
					"$(SDKROOT)/Developer/Library/Frameworks",
					"$(inherited)",
				);
				INFOPLIST_FILE = "观天下Tests/Info.plist";
				LD_RUNPATH_SEARCH_PATHS = "$(inherited) @executable_path/Frameworks @loader_path/Frameworks";
				PRODUCT_NAME = "$(TARGET_NAME)";
				TEST_HOST = "$(BUILT_PRODUCTS_DIR)/观天下.app/观天下";
			};
			name = Release;
		};
/* End XCBuildConfiguration section */

/* Begin XCConfigurationList section */
		4EA4D1BB1B9AB4C4002D6312 /* Build configuration list for PBXProject "观天下" */ = {
			isa = XCConfigurationList;
			buildConfigurations = (
				4EA4D1DB1B9AB4C4002D6312 /* Debug */,
				4EA4D1DC1B9AB4C4002D6312 /* Release */,
			);
			defaultConfigurationIsVisible = 0;
			defaultConfigurationName = Release;
		};
		4EA4D1DD1B9AB4C4002D6312 /* Build configuration list for PBXNativeTarget "观天下" */ = {
			isa = XCConfigurationList;
			buildConfigurations = (
				4EA4D1DE1B9AB4C4002D6312 /* Debug */,
				4EA4D1DF1B9AB4C4002D6312 /* Release */,
			);
			defaultConfigurationIsVisible = 0;
			defaultConfigurationName = Release;
		};
		4EA4D1E01B9AB4C4002D6312 /* Build configuration list for PBXNativeTarget "观天下Tests" */ = {
			isa = XCConfigurationList;
			buildConfigurations = (
				4EA4D1E11B9AB4C4002D6312 /* Debug */,
				4EA4D1E21B9AB4C4002D6312 /* Release */,
			);
			defaultConfigurationIsVisible = 0;
			defaultConfigurationName = Release;
		};
/* End XCConfigurationList section */
	};
	rootObject = 4EA4D1B81B9AB4C4002D6312 /* Project object */;
}
